dependencies:
  fluentd:
    version: 1.17.0-debian-1.0
    previousVersion: 1.16.5-debian-1.0
    versions:
    - 1.14.6-debian-1.1
    - 1.16.1-debian-1.0
    - 1.16.2-debian-1.0
    - 1.16.2-debian-1.1
    - 1.16.3-debian-1.0
    - 1.16.3-debian-2.0
    - 1.16.4-debian-1.0
    - 1.16.5-debian-1.0
    - 1.17.0-debian-1.0
