dependencies:
  awscli:
    version: 2.8.7
    previousVersion: 2.8.6
    versions:
    - 2.7.17
    - 2.7.18
    - 2.7.19
    - 2.7.20
    - 2.7.21
    - 2.7.22
    - 2.7.23
    - 2.7.24
    - 2.7.25
    - 2.7.26
    - 2.7.27
    - 2.7.28
    - 2.7.29
    - 2.7.30
    - 2.7.31
    - 2.7.32
    - 2.7.33
    - 2.7.34
    - 2.7.35
    - 2.8.0
    - 2.8.1
    - 2.8.2
    - 2.8.3
    - 2.8.4
    - 2.8.5
    - 2.8.6
    - 2.8.7
