dependencies:
  provider_terraform:
    version: 0.3.0
    previousVersion: 0.2.0
    versions:
    - 0.2.0
    - 0.3.0
  terraform:
    version: 1.2.7
    previousVersion: 1.2.6
    versions:
    - 1.2.5
    - 1.2.6
    - 1.2.7
    githubRelease:
      assets: []
      assets_url: https://api.github.com/repos/hashicorp/terraform/releases/74130297/assets
      author:
        avatar_url: https://avatars.githubusercontent.com/u/82990137?v=4
        events_url: https://api.github.com/users/hc-github-team-tf-core/events{/privacy}
        followers_url: https://api.github.com/users/hc-github-team-tf-core/followers
        following_url: https://api.github.com/users/hc-github-team-tf-core/following{/other_user}
        gists_url: https://api.github.com/users/hc-github-team-tf-core/gists{/gist_id}
        gravatar_id: ""
        html_url: https://github.com/hc-github-team-tf-core
        id: 82990137
        login: hc-github-team-tf-core
        node_id: MDQ6VXNlcjgyOTkwMTM3
        organizations_url: https://api.github.com/users/hc-github-team-tf-core/orgs
        received_events_url: https://api.github.com/users/hc-github-team-tf-core/received_events
        repos_url: https://api.github.com/users/hc-github-team-tf-core/repos
        site_admin: false
        starred_url: https://api.github.com/users/hc-github-team-tf-core/starred{/owner}{/repo}
        subscriptions_url: https://api.github.com/users/hc-github-team-tf-core/subscriptions
        type: User
        url: https://api.github.com/users/hc-github-team-tf-core
      body: |+
        ## 1.2.7 (August 10, 2022)

        ENHANCEMENTS:

        * config: Check for direct references to deprecated computed attributes. ([#31576](https://github.com/hashicorp/terraform/issues/31576))

        BUG FIXES:

        * config: Fix an crash if a submodule contains a resource whose implied provider local name contains invalid characters, by adding additional validation rules to turn it into a real error. ([#31573](https://github.com/hashicorp/terraform/issues/31573))
        * core: Fix some handling of provider schema attributes which use the newer "structural typing" mechanism introduced with protocol version 6, and therefore with the new Terraform Plugin Framework ([#31532](https://github.com/hashicorp/terraform/issues/31532))
        * command: Add missing output text for applyable refresh plans. ([#31469](https://github.com/hashicorp/terraform/issues/31469))

      created_at: "2022-08-10T17:42:29Z"
      draft: false
      html_url: https://github.com/hashicorp/terraform/releases/tag/v1.2.7
      id: 74130297
      name: v1.2.7
      node_id: RE_kwDOAQ6CpM4EayN5
      prerelease: false
      published_at: "2022-08-10T17:57:17Z"
      tag_name: v1.2.7
      tarball_url: https://api.github.com/repos/hashicorp/terraform/tarball/v1.2.7
      target_commitish: main
      upload_url: https://uploads.github.com/repos/hashicorp/terraform/releases/74130297/assets{?name,label}
      url: https://api.github.com/repos/hashicorp/terraform/releases/74130297
      zipball_url: https://api.github.com/repos/hashicorp/terraform/zipball/v1.2.7
meta:
  dependencies:
    terraform:
      1.2.6:
        githubRelease:
          assets: []
          assets_url: https://api.github.com/repos/hashicorp/terraform/releases/72976490/assets
          author:
            avatar_url: https://avatars.githubusercontent.com/u/82990137?v=4
            events_url: https://api.github.com/users/hc-github-team-tf-core/events{/privacy}
            followers_url: https://api.github.com/users/hc-github-team-tf-core/followers
            following_url: https://api.github.com/users/hc-github-team-tf-core/following{/other_user}
            gists_url: https://api.github.com/users/hc-github-team-tf-core/gists{/gist_id}
            gravatar_id: ""
            html_url: https://github.com/hc-github-team-tf-core
            id: 82990137
            login: hc-github-team-tf-core
            node_id: MDQ6VXNlcjgyOTkwMTM3
            organizations_url: https://api.github.com/users/hc-github-team-tf-core/orgs
            received_events_url: https://api.github.com/users/hc-github-team-tf-core/received_events
            repos_url: https://api.github.com/users/hc-github-team-tf-core/repos
            site_admin: false
            starred_url: https://api.github.com/users/hc-github-team-tf-core/starred{/owner}{/repo}
            subscriptions_url: https://api.github.com/users/hc-github-team-tf-core/subscriptions
            type: User
            url: https://api.github.com/users/hc-github-team-tf-core
          body: |+
            ## 1.2.6 (July 27, 2022)

            ENHANCEMENTS:

            * Add a warning and guidance when `terraform init` fails to fully populate the `.terraform.lock.hcl` file. ([#31399](https://github.com/hashicorp/terraform/issues/31399))
            * Add a direct link to the relevant documentation when `terraform init` fails on missing checksums. ([#31408](https://github.com/hashicorp/terraform/issues/31408))

            BUG FIXES:

            * Fix panic on `terraform show` when state file is invalid or unavailable. ([#31444](https://github.com/hashicorp/terraform/issues/31444))
            * Fix `terraform providers lock` command failing on missing checksums. ([#31389](https://github.com/hashicorp/terraform/issues/31389))
            * Some combinations of move block operations would be executed in the wrong order ([#31499](https://github.com/hashicorp/terraform/issues/31499))
            * Don't attribute an error to the provider when a computed attribute is listed in `ignore_changes` ([#31509](https://github.com/hashicorp/terraform/issues/31509))

          created_at: "2022-07-27T15:09:54Z"
          draft: false
          html_url: https://github.com/hashicorp/terraform/releases/tag/v1.2.6
          id: 72976490
          name: v1.2.6
          node_id: RE_kwDOAQ6CpM4EWYhq
          prerelease: false
          published_at: "2022-07-27T15:34:30Z"
          reactions:
            "+1": 1
            "-1": 0
            confused: 0
            eyes: 0
            heart: 0
            hooray: 0
            laugh: 1
            rocket: 0
            total_count: 2
            url: https://api.github.com/repos/hashicorp/terraform/releases/72976490/reactions
          tag_name: v1.2.6
          tarball_url: https://api.github.com/repos/hashicorp/terraform/tarball/v1.2.6
          target_commitish: main
          upload_url: https://uploads.github.com/repos/hashicorp/terraform/releases/72976490/assets{?name,label}
          url: https://api.github.com/repos/hashicorp/terraform/releases/72976490
          zipball_url: https://api.github.com/repos/hashicorp/terraform/zipball/v1.2.6
      1.2.7:
        githubRelease:
          assets: []
          assets_url: https://api.github.com/repos/hashicorp/terraform/releases/74130297/assets
          author:
            avatar_url: https://avatars.githubusercontent.com/u/82990137?v=4
            events_url: https://api.github.com/users/hc-github-team-tf-core/events{/privacy}
            followers_url: https://api.github.com/users/hc-github-team-tf-core/followers
            following_url: https://api.github.com/users/hc-github-team-tf-core/following{/other_user}
            gists_url: https://api.github.com/users/hc-github-team-tf-core/gists{/gist_id}
            gravatar_id: ""
            html_url: https://github.com/hc-github-team-tf-core
            id: 82990137
            login: hc-github-team-tf-core
            node_id: MDQ6VXNlcjgyOTkwMTM3
            organizations_url: https://api.github.com/users/hc-github-team-tf-core/orgs
            received_events_url: https://api.github.com/users/hc-github-team-tf-core/received_events
            repos_url: https://api.github.com/users/hc-github-team-tf-core/repos
            site_admin: false
            starred_url: https://api.github.com/users/hc-github-team-tf-core/starred{/owner}{/repo}
            subscriptions_url: https://api.github.com/users/hc-github-team-tf-core/subscriptions
            type: User
            url: https://api.github.com/users/hc-github-team-tf-core
          body: |+
            ## 1.2.7 (August 10, 2022)

            ENHANCEMENTS:

            * config: Check for direct references to deprecated computed attributes. ([#31576](https://github.com/hashicorp/terraform/issues/31576))

            BUG FIXES:

            * config: Fix an crash if a submodule contains a resource whose implied provider local name contains invalid characters, by adding additional validation rules to turn it into a real error. ([#31573](https://github.com/hashicorp/terraform/issues/31573))
            * core: Fix some handling of provider schema attributes which use the newer "structural typing" mechanism introduced with protocol version 6, and therefore with the new Terraform Plugin Framework ([#31532](https://github.com/hashicorp/terraform/issues/31532))
            * command: Add missing output text for applyable refresh plans. ([#31469](https://github.com/hashicorp/terraform/issues/31469))

          created_at: "2022-08-10T17:42:29Z"
          draft: false
          html_url: https://github.com/hashicorp/terraform/releases/tag/v1.2.7
          id: 74130297
          name: v1.2.7
          node_id: RE_kwDOAQ6CpM4EayN5
          prerelease: false
          published_at: "2022-08-10T17:57:17Z"
          tag_name: v1.2.7
          tarball_url: https://api.github.com/repos/hashicorp/terraform/tarball/v1.2.7
          target_commitish: main
          upload_url: https://uploads.github.com/repos/hashicorp/terraform/releases/74130297/assets{?name,label}
          url: https://api.github.com/repos/hashicorp/terraform/releases/74130297
          zipball_url: https://api.github.com/repos/hashicorp/terraform/zipball/v1.2.7
