dependencies:
  eksctl:
    version: 0.106.0
    previousVersion: 0.105.0
    versions:
    - 0.105.0
    - 0.106.0
    githubRelease:
      assets:
      - browser_download_url: https://github.com/weaveworks/eksctl/releases/download/v0.106.0/eksctl_checksums.txt
        content_type: text/plain; charset=utf-8
        created_at: "2022-07-22T13:29:53Z"
        download_count: 1
        id: 72371022
        label: ""
        name: eksctl_checksums.txt
        node_id: RA_kwDOCATpKM4EUEtO
        size: 918
        state: uploaded
        updated_at: "2022-07-22T13:29:53Z"
        uploader:
          avatar_url: https://avatars.githubusercontent.com/u/21079686?v=4
          events_url: https://api.github.com/users/weaveworksbot/events{/privacy}
          followers_url: https://api.github.com/users/weaveworksbot/followers
          following_url: https://api.github.com/users/weaveworksbot/following{/other_user}
          gists_url: https://api.github.com/users/weaveworksbot/gists{/gist_id}
          gravatar_id: ""
          html_url: https://github.com/weaveworksbot
          id: 21079686
          login: weaveworksbot
          node_id: MDQ6VXNlcjIxMDc5Njg2
          organizations_url: https://api.github.com/users/weaveworksbot/orgs
          received_events_url: https://api.github.com/users/weaveworksbot/received_events
          repos_url: https://api.github.com/users/weaveworksbot/repos
          site_admin: false
          starred_url: https://api.github.com/users/weaveworksbot/starred{/owner}{/repo}
          subscriptions_url: https://api.github.com/users/weaveworksbot/subscriptions
          type: User
          url: https://api.github.com/users/weaveworksbot
        url: https://api.github.com/repos/weaveworks/eksctl/releases/assets/72371022
      - browser_download_url: https://github.com/weaveworks/eksctl/releases/download/v0.106.0/eksctl_Darwin_amd64.tar.gz
        content_type: application/gzip
        created_at: "2022-07-22T13:30:04Z"
        download_count: 18
        id: 72371045
        label: ""
        name: eksctl_Darwin_amd64.tar.gz
        node_id: RA_kwDOCATpKM4EUEtl
        size: 30509922
        state: uploaded
        updated_at: "2022-07-22T13:30:06Z"
        uploader:
          avatar_url: https://avatars.githubusercontent.com/u/21079686?v=4
          events_url: https://api.github.com/users/weaveworksbot/events{/privacy}
          followers_url: https://api.github.com/users/weaveworksbot/followers
          following_url: https://api.github.com/users/weaveworksbot/following{/other_user}
          gists_url: https://api.github.com/users/weaveworksbot/gists{/gist_id}
          gravatar_id: ""
          html_url: https://github.com/weaveworksbot
          id: 21079686
          login: weaveworksbot
          node_id: MDQ6VXNlcjIxMDc5Njg2
          organizations_url: https://api.github.com/users/weaveworksbot/orgs
          received_events_url: https://api.github.com/users/weaveworksbot/received_events
          repos_url: https://api.github.com/users/weaveworksbot/repos
          site_admin: false
          starred_url: https://api.github.com/users/weaveworksbot/starred{/owner}{/repo}
          subscriptions_url: https://api.github.com/users/weaveworksbot/subscriptions
          type: User
          url: https://api.github.com/users/weaveworksbot
        url: https://api.github.com/repos/weaveworks/eksctl/releases/assets/72371045
      - browser_download_url: https://github.com/weaveworks/eksctl/releases/download/v0.106.0/eksctl_Darwin_arm64.tar.gz
        content_type: application/gzip
        created_at: "2022-07-22T13:30:07Z"
        download_count: 13
        id: 72371056
        label: ""
        name: eksctl_Darwin_arm64.tar.gz
        node_id: RA_kwDOCATpKM4EUEtw
        size: 29614244
        state: uploaded
        updated_at: "2022-07-22T13:30:10Z"
        uploader:
          avatar_url: https://avatars.githubusercontent.com/u/21079686?v=4
          events_url: https://api.github.com/users/weaveworksbot/events{/privacy}
          followers_url: https://api.github.com/users/weaveworksbot/followers
          following_url: https://api.github.com/users/weaveworksbot/following{/other_user}
          gists_url: https://api.github.com/users/weaveworksbot/gists{/gist_id}
          gravatar_id: ""
          html_url: https://github.com/weaveworksbot
          id: 21079686
          login: weaveworksbot
          node_id: MDQ6VXNlcjIxMDc5Njg2
          organizations_url: https://api.github.com/users/weaveworksbot/orgs
          received_events_url: https://api.github.com/users/weaveworksbot/received_events
          repos_url: https://api.github.com/users/weaveworksbot/repos
          site_admin: false
          starred_url: https://api.github.com/users/weaveworksbot/starred{/owner}{/repo}
          subscriptions_url: https://api.github.com/users/weaveworksbot/subscriptions
          type: User
          url: https://api.github.com/users/weaveworksbot
        url: https://api.github.com/repos/weaveworks/eksctl/releases/assets/72371056
      - browser_download_url: https://github.com/weaveworks/eksctl/releases/download/v0.106.0/eksctl_Linux_amd64.tar.gz
        content_type: application/gzip
        created_at: "2022-07-22T13:30:06Z"
        download_count: 114
        id: 72371055
        label: ""
        name: eksctl_Linux_amd64.tar.gz
        node_id: RA_kwDOCATpKM4EUEtv
        size: 29035190
        state: uploaded
        updated_at: "2022-07-22T13:30:09Z"
        uploader:
          avatar_url: https://avatars.githubusercontent.com/u/21079686?v=4
          events_url: https://api.github.com/users/weaveworksbot/events{/privacy}
          followers_url: https://api.github.com/users/weaveworksbot/followers
          following_url: https://api.github.com/users/weaveworksbot/following{/other_user}
          gists_url: https://api.github.com/users/weaveworksbot/gists{/gist_id}
          gravatar_id: ""
          html_url: https://github.com/weaveworksbot
          id: 21079686
          login: weaveworksbot
          node_id: MDQ6VXNlcjIxMDc5Njg2
          organizations_url: https://api.github.com/users/weaveworksbot/orgs
          received_events_url: https://api.github.com/users/weaveworksbot/received_events
          repos_url: https://api.github.com/users/weaveworksbot/repos
          site_admin: false
          starred_url: https://api.github.com/users/weaveworksbot/starred{/owner}{/repo}
          subscriptions_url: https://api.github.com/users/weaveworksbot/subscriptions
          type: User
          url: https://api.github.com/users/weaveworksbot
        url: https://api.github.com/repos/weaveworks/eksctl/releases/assets/72371055
      - browser_download_url: https://github.com/weaveworks/eksctl/releases/download/v0.106.0/eksctl_Linux_arm64.tar.gz
        content_type: application/gzip
        created_at: "2022-07-22T13:29:57Z"
        download_count: 2
        id: 72371031
        label: ""
        name: eksctl_Linux_arm64.tar.gz
        node_id: RA_kwDOCATpKM4EUEtX
        size: 26323863
        state: uploaded
        updated_at: "2022-07-22T13:30:00Z"
        uploader:
          avatar_url: https://avatars.githubusercontent.com/u/21079686?v=4
          events_url: https://api.github.com/users/weaveworksbot/events{/privacy}
          followers_url: https://api.github.com/users/weaveworksbot/followers
          following_url: https://api.github.com/users/weaveworksbot/following{/other_user}
          gists_url: https://api.github.com/users/weaveworksbot/gists{/gist_id}
          gravatar_id: ""
          html_url: https://github.com/weaveworksbot
          id: 21079686
          login: weaveworksbot
          node_id: MDQ6VXNlcjIxMDc5Njg2
          organizations_url: https://api.github.com/users/weaveworksbot/orgs
          received_events_url: https://api.github.com/users/weaveworksbot/received_events
          repos_url: https://api.github.com/users/weaveworksbot/repos
          site_admin: false
          starred_url: https://api.github.com/users/weaveworksbot/starred{/owner}{/repo}
          subscriptions_url: https://api.github.com/users/weaveworksbot/subscriptions
          type: User
          url: https://api.github.com/users/weaveworksbot
        url: https://api.github.com/repos/weaveworks/eksctl/releases/assets/72371031
      - browser_download_url: https://github.com/weaveworks/eksctl/releases/download/v0.106.0/eksctl_Linux_armv6.tar.gz
        content_type: application/gzip
        created_at: "2022-07-22T13:29:54Z"
        download_count: 0
        id: 72371023
        label: ""
        name: eksctl_Linux_armv6.tar.gz
        node_id: RA_kwDOCATpKM4EUEtP
        size: 26660068
        state: uploaded
        updated_at: "2022-07-22T13:29:56Z"
        uploader:
          avatar_url: https://avatars.githubusercontent.com/u/21079686?v=4
          events_url: https://api.github.com/users/weaveworksbot/events{/privacy}
          followers_url: https://api.github.com/users/weaveworksbot/followers
          following_url: https://api.github.com/users/weaveworksbot/following{/other_user}
          gists_url: https://api.github.com/users/weaveworksbot/gists{/gist_id}
          gravatar_id: ""
          html_url: https://github.com/weaveworksbot
          id: 21079686
          login: weaveworksbot
          node_id: MDQ6VXNlcjIxMDc5Njg2
          organizations_url: https://api.github.com/users/weaveworksbot/orgs
          received_events_url: https://api.github.com/users/weaveworksbot/received_events
          repos_url: https://api.github.com/users/weaveworksbot/repos
          site_admin: false
          starred_url: https://api.github.com/users/weaveworksbot/starred{/owner}{/repo}
          subscriptions_url: https://api.github.com/users/weaveworksbot/subscriptions
          type: User
          url: https://api.github.com/users/weaveworksbot
        url: https://api.github.com/repos/weaveworks/eksctl/releases/assets/72371023
      - browser_download_url: https://github.com/weaveworks/eksctl/releases/download/v0.106.0/eksctl_Linux_armv7.tar.gz
        content_type: application/gzip
        created_at: "2022-07-22T13:30:04Z"
        download_count: 0
        id: 72371044
        label: ""
        name: eksctl_Linux_armv7.tar.gz
        node_id: RA_kwDOCATpKM4EUEtk
        size: 26648742
        state: uploaded
        updated_at: "2022-07-22T13:30:06Z"
        uploader:
          avatar_url: https://avatars.githubusercontent.com/u/21079686?v=4
          events_url: https://api.github.com/users/weaveworksbot/events{/privacy}
          followers_url: https://api.github.com/users/weaveworksbot/followers
          following_url: https://api.github.com/users/weaveworksbot/following{/other_user}
          gists_url: https://api.github.com/users/weaveworksbot/gists{/gist_id}
          gravatar_id: ""
          html_url: https://github.com/weaveworksbot
          id: 21079686
          login: weaveworksbot
          node_id: MDQ6VXNlcjIxMDc5Njg2
          organizations_url: https://api.github.com/users/weaveworksbot/orgs
          received_events_url: https://api.github.com/users/weaveworksbot/received_events
          repos_url: https://api.github.com/users/weaveworksbot/repos
          site_admin: false
          starred_url: https://api.github.com/users/weaveworksbot/starred{/owner}{/repo}
          subscriptions_url: https://api.github.com/users/weaveworksbot/subscriptions
          type: User
          url: https://api.github.com/users/weaveworksbot
        url: https://api.github.com/repos/weaveworks/eksctl/releases/assets/72371044
      - browser_download_url: https://github.com/weaveworks/eksctl/releases/download/v0.106.0/eksctl_Windows_amd64.zip
        content_type: application/zip
        created_at: "2022-07-22T13:29:57Z"
        download_count: 2
        id: 72371033
        label: ""
        name: eksctl_Windows_amd64.zip
        node_id: RA_kwDOCATpKM4EUEtZ
        size: 29195163
        state: uploaded
        updated_at: "2022-07-22T13:30:00Z"
        uploader:
          avatar_url: https://avatars.githubusercontent.com/u/21079686?v=4
          events_url: https://api.github.com/users/weaveworksbot/events{/privacy}
          followers_url: https://api.github.com/users/weaveworksbot/followers
          following_url: https://api.github.com/users/weaveworksbot/following{/other_user}
          gists_url: https://api.github.com/users/weaveworksbot/gists{/gist_id}
          gravatar_id: ""
          html_url: https://github.com/weaveworksbot
          id: 21079686
          login: weaveworksbot
          node_id: MDQ6VXNlcjIxMDc5Njg2
          organizations_url: https://api.github.com/users/weaveworksbot/orgs
          received_events_url: https://api.github.com/users/weaveworksbot/received_events
          repos_url: https://api.github.com/users/weaveworksbot/repos
          site_admin: false
          starred_url: https://api.github.com/users/weaveworksbot/starred{/owner}{/repo}
          subscriptions_url: https://api.github.com/users/weaveworksbot/subscriptions
          type: User
          url: https://api.github.com/users/weaveworksbot
        url: https://api.github.com/repos/weaveworks/eksctl/releases/assets/72371033
      - browser_download_url: https://github.com/weaveworks/eksctl/releases/download/v0.106.0/eksctl_Windows_arm64.zip
        content_type: application/zip
        created_at: "2022-07-22T13:30:00Z"
        download_count: 2
        id: 72371039
        label: ""
        name: eksctl_Windows_arm64.zip
        node_id: RA_kwDOCATpKM4EUEtf
        size: 26492691
        state: uploaded
        updated_at: "2022-07-22T13:30:03Z"
        uploader:
          avatar_url: https://avatars.githubusercontent.com/u/21079686?v=4
          events_url: https://api.github.com/users/weaveworksbot/events{/privacy}
          followers_url: https://api.github.com/users/weaveworksbot/followers
          following_url: https://api.github.com/users/weaveworksbot/following{/other_user}
          gists_url: https://api.github.com/users/weaveworksbot/gists{/gist_id}
          gravatar_id: ""
          html_url: https://github.com/weaveworksbot
          id: 21079686
          login: weaveworksbot
          node_id: MDQ6VXNlcjIxMDc5Njg2
          organizations_url: https://api.github.com/users/weaveworksbot/orgs
          received_events_url: https://api.github.com/users/weaveworksbot/received_events
          repos_url: https://api.github.com/users/weaveworksbot/repos
          site_admin: false
          starred_url: https://api.github.com/users/weaveworksbot/starred{/owner}{/repo}
          subscriptions_url: https://api.github.com/users/weaveworksbot/subscriptions
          type: User
          url: https://api.github.com/users/weaveworksbot
        url: https://api.github.com/repos/weaveworks/eksctl/releases/assets/72371039
      - browser_download_url: https://github.com/weaveworks/eksctl/releases/download/v0.106.0/eksctl_Windows_armv6.zip
        content_type: application/zip
        created_at: "2022-07-22T13:30:01Z"
        download_count: 0
        id: 72371040
        label: ""
        name: eksctl_Windows_armv6.zip
        node_id: RA_kwDOCATpKM4EUEtg
        size: 27184304
        state: uploaded
        updated_at: "2022-07-22T13:30:03Z"
        uploader:
          avatar_url: https://avatars.githubusercontent.com/u/21079686?v=4
          events_url: https://api.github.com/users/weaveworksbot/events{/privacy}
          followers_url: https://api.github.com/users/weaveworksbot/followers
          following_url: https://api.github.com/users/weaveworksbot/following{/other_user}
          gists_url: https://api.github.com/users/weaveworksbot/gists{/gist_id}
          gravatar_id: ""
          html_url: https://github.com/weaveworksbot
          id: 21079686
          login: weaveworksbot
          node_id: MDQ6VXNlcjIxMDc5Njg2
          organizations_url: https://api.github.com/users/weaveworksbot/orgs
          received_events_url: https://api.github.com/users/weaveworksbot/received_events
          repos_url: https://api.github.com/users/weaveworksbot/repos
          site_admin: false
          starred_url: https://api.github.com/users/weaveworksbot/starred{/owner}{/repo}
          subscriptions_url: https://api.github.com/users/weaveworksbot/subscriptions
          type: User
          url: https://api.github.com/users/weaveworksbot
        url: https://api.github.com/repos/weaveworks/eksctl/releases/assets/72371040
      - browser_download_url: https://github.com/weaveworks/eksctl/releases/download/v0.106.0/eksctl_Windows_armv7.zip
        content_type: application/zip
        created_at: "2022-07-22T13:29:53Z"
        download_count: 0
        id: 72371021
        label: ""
        name: eksctl_Windows_armv7.zip
        node_id: RA_kwDOCATpKM4EUEtN
        size: 27170241
        state: uploaded
        updated_at: "2022-07-22T13:29:56Z"
        uploader:
          avatar_url: https://avatars.githubusercontent.com/u/21079686?v=4
          events_url: https://api.github.com/users/weaveworksbot/events{/privacy}
          followers_url: https://api.github.com/users/weaveworksbot/followers
          following_url: https://api.github.com/users/weaveworksbot/following{/other_user}
          gists_url: https://api.github.com/users/weaveworksbot/gists{/gist_id}
          gravatar_id: ""
          html_url: https://github.com/weaveworksbot
          id: 21079686
          login: weaveworksbot
          node_id: MDQ6VXNlcjIxMDc5Njg2
          organizations_url: https://api.github.com/users/weaveworksbot/orgs
          received_events_url: https://api.github.com/users/weaveworksbot/received_events
          repos_url: https://api.github.com/users/weaveworksbot/repos
          site_admin: false
          starred_url: https://api.github.com/users/weaveworksbot/starred{/owner}{/repo}
          subscriptions_url: https://api.github.com/users/weaveworksbot/subscriptions
          type: User
          url: https://api.github.com/users/weaveworksbot
        url: https://api.github.com/repos/weaveworks/eksctl/releases/assets/72371021
      assets_url: https://api.github.com/repos/weaveworks/eksctl/releases/72617068/assets
      author:
        avatar_url: https://avatars.githubusercontent.com/u/21079686?v=4
        events_url: https://api.github.com/users/weaveworksbot/events{/privacy}
        followers_url: https://api.github.com/users/weaveworksbot/followers
        following_url: https://api.github.com/users/weaveworksbot/following{/other_user}
        gists_url: https://api.github.com/users/weaveworksbot/gists{/gist_id}
        gravatar_id: ""
        html_url: https://github.com/weaveworksbot
        id: 21079686
        login: weaveworksbot
        node_id: MDQ6VXNlcjIxMDc5Njg2
        organizations_url: https://api.github.com/users/weaveworksbot/orgs
        received_events_url: https://api.github.com/users/weaveworksbot/received_events
        repos_url: https://api.github.com/users/weaveworksbot/repos
        site_admin: false
        starred_url: https://api.github.com/users/weaveworksbot/starred{/owner}{/repo}
        subscriptions_url: https://api.github.com/users/weaveworksbot/subscriptions
        type: User
        url: https://api.github.com/users/weaveworksbot
      body: |+
        # Release 0.106.0

        ## Features

        - Lookup instance availability for all AZs (#5454)

        ## Acknowledgments
        Weaveworks would like to sincerely thank:
        @vflaux

      created_at: "2022-07-22T12:19:55Z"
      draft: false
      html_url: https://github.com/weaveworks/eksctl/releases/tag/v0.106.0
      id: 72617068
      mentions_count: 1
      name: eksctl 0.106.0 (permalink)
      node_id: RE_kwDOCATpKM4EVAxs
      prerelease: false
      published_at: "2022-07-22T13:29:52Z"
      tag_name: v0.106.0
      tarball_url: https://api.github.com/repos/weaveworks/eksctl/tarball/v0.106.0
      target_commitish: main
      upload_url: https://uploads.github.com/repos/weaveworks/eksctl/releases/72617068/assets{?name,label}
      url: https://api.github.com/repos/weaveworks/eksctl/releases/72617068
      zipball_url: https://api.github.com/repos/weaveworks/eksctl/zipball/v0.106.0
meta:
  dependencies:
    eksctl:
      0.106.0:
        githubRelease:
          assets:
          - browser_download_url: https://github.com/weaveworks/eksctl/releases/download/v0.106.0/eksctl_checksums.txt
            content_type: text/plain; charset=utf-8
            created_at: "2022-07-22T13:29:53Z"
            download_count: 1
            id: 72371022
            label: ""
            name: eksctl_checksums.txt
            node_id: RA_kwDOCATpKM4EUEtO
            size: 918
            state: uploaded
            updated_at: "2022-07-22T13:29:53Z"
            uploader:
              avatar_url: https://avatars.githubusercontent.com/u/21079686?v=4
              events_url: https://api.github.com/users/weaveworksbot/events{/privacy}
              followers_url: https://api.github.com/users/weaveworksbot/followers
              following_url: https://api.github.com/users/weaveworksbot/following{/other_user}
              gists_url: https://api.github.com/users/weaveworksbot/gists{/gist_id}
              gravatar_id: ""
              html_url: https://github.com/weaveworksbot
              id: 21079686
              login: weaveworksbot
              node_id: MDQ6VXNlcjIxMDc5Njg2
              organizations_url: https://api.github.com/users/weaveworksbot/orgs
              received_events_url: https://api.github.com/users/weaveworksbot/received_events
              repos_url: https://api.github.com/users/weaveworksbot/repos
              site_admin: false
              starred_url: https://api.github.com/users/weaveworksbot/starred{/owner}{/repo}
              subscriptions_url: https://api.github.com/users/weaveworksbot/subscriptions
              type: User
              url: https://api.github.com/users/weaveworksbot
            url: https://api.github.com/repos/weaveworks/eksctl/releases/assets/72371022
          - browser_download_url: https://github.com/weaveworks/eksctl/releases/download/v0.106.0/eksctl_Darwin_amd64.tar.gz
            content_type: application/gzip
            created_at: "2022-07-22T13:30:04Z"
            download_count: 18
            id: 72371045
            label: ""
            name: eksctl_Darwin_amd64.tar.gz
            node_id: RA_kwDOCATpKM4EUEtl
            size: 30509922
            state: uploaded
            updated_at: "2022-07-22T13:30:06Z"
            uploader:
              avatar_url: https://avatars.githubusercontent.com/u/21079686?v=4
              events_url: https://api.github.com/users/weaveworksbot/events{/privacy}
              followers_url: https://api.github.com/users/weaveworksbot/followers
              following_url: https://api.github.com/users/weaveworksbot/following{/other_user}
              gists_url: https://api.github.com/users/weaveworksbot/gists{/gist_id}
              gravatar_id: ""
              html_url: https://github.com/weaveworksbot
              id: 21079686
              login: weaveworksbot
              node_id: MDQ6VXNlcjIxMDc5Njg2
              organizations_url: https://api.github.com/users/weaveworksbot/orgs
              received_events_url: https://api.github.com/users/weaveworksbot/received_events
              repos_url: https://api.github.com/users/weaveworksbot/repos
              site_admin: false
              starred_url: https://api.github.com/users/weaveworksbot/starred{/owner}{/repo}
              subscriptions_url: https://api.github.com/users/weaveworksbot/subscriptions
              type: User
              url: https://api.github.com/users/weaveworksbot
            url: https://api.github.com/repos/weaveworks/eksctl/releases/assets/72371045
          - browser_download_url: https://github.com/weaveworks/eksctl/releases/download/v0.106.0/eksctl_Darwin_arm64.tar.gz
            content_type: application/gzip
            created_at: "2022-07-22T13:30:07Z"
            download_count: 13
            id: 72371056
            label: ""
            name: eksctl_Darwin_arm64.tar.gz
            node_id: RA_kwDOCATpKM4EUEtw
            size: 29614244
            state: uploaded
            updated_at: "2022-07-22T13:30:10Z"
            uploader:
              avatar_url: https://avatars.githubusercontent.com/u/21079686?v=4
              events_url: https://api.github.com/users/weaveworksbot/events{/privacy}
              followers_url: https://api.github.com/users/weaveworksbot/followers
              following_url: https://api.github.com/users/weaveworksbot/following{/other_user}
              gists_url: https://api.github.com/users/weaveworksbot/gists{/gist_id}
              gravatar_id: ""
              html_url: https://github.com/weaveworksbot
              id: 21079686
              login: weaveworksbot
              node_id: MDQ6VXNlcjIxMDc5Njg2
              organizations_url: https://api.github.com/users/weaveworksbot/orgs
              received_events_url: https://api.github.com/users/weaveworksbot/received_events
              repos_url: https://api.github.com/users/weaveworksbot/repos
              site_admin: false
              starred_url: https://api.github.com/users/weaveworksbot/starred{/owner}{/repo}
              subscriptions_url: https://api.github.com/users/weaveworksbot/subscriptions
              type: User
              url: https://api.github.com/users/weaveworksbot
            url: https://api.github.com/repos/weaveworks/eksctl/releases/assets/72371056
          - browser_download_url: https://github.com/weaveworks/eksctl/releases/download/v0.106.0/eksctl_Linux_amd64.tar.gz
            content_type: application/gzip
            created_at: "2022-07-22T13:30:06Z"
            download_count: 114
            id: 72371055
            label: ""
            name: eksctl_Linux_amd64.tar.gz
            node_id: RA_kwDOCATpKM4EUEtv
            size: 29035190
            state: uploaded
            updated_at: "2022-07-22T13:30:09Z"
            uploader:
              avatar_url: https://avatars.githubusercontent.com/u/21079686?v=4
              events_url: https://api.github.com/users/weaveworksbot/events{/privacy}
              followers_url: https://api.github.com/users/weaveworksbot/followers
              following_url: https://api.github.com/users/weaveworksbot/following{/other_user}
              gists_url: https://api.github.com/users/weaveworksbot/gists{/gist_id}
              gravatar_id: ""
              html_url: https://github.com/weaveworksbot
              id: 21079686
              login: weaveworksbot
              node_id: MDQ6VXNlcjIxMDc5Njg2
              organizations_url: https://api.github.com/users/weaveworksbot/orgs
              received_events_url: https://api.github.com/users/weaveworksbot/received_events
              repos_url: https://api.github.com/users/weaveworksbot/repos
              site_admin: false
              starred_url: https://api.github.com/users/weaveworksbot/starred{/owner}{/repo}
              subscriptions_url: https://api.github.com/users/weaveworksbot/subscriptions
              type: User
              url: https://api.github.com/users/weaveworksbot
            url: https://api.github.com/repos/weaveworks/eksctl/releases/assets/72371055
          - browser_download_url: https://github.com/weaveworks/eksctl/releases/download/v0.106.0/eksctl_Linux_arm64.tar.gz
            content_type: application/gzip
            created_at: "2022-07-22T13:29:57Z"
            download_count: 2
            id: 72371031
            label: ""
            name: eksctl_Linux_arm64.tar.gz
            node_id: RA_kwDOCATpKM4EUEtX
            size: 26323863
            state: uploaded
            updated_at: "2022-07-22T13:30:00Z"
            uploader:
              avatar_url: https://avatars.githubusercontent.com/u/21079686?v=4
              events_url: https://api.github.com/users/weaveworksbot/events{/privacy}
              followers_url: https://api.github.com/users/weaveworksbot/followers
              following_url: https://api.github.com/users/weaveworksbot/following{/other_user}
              gists_url: https://api.github.com/users/weaveworksbot/gists{/gist_id}
              gravatar_id: ""
              html_url: https://github.com/weaveworksbot
              id: 21079686
              login: weaveworksbot
              node_id: MDQ6VXNlcjIxMDc5Njg2
              organizations_url: https://api.github.com/users/weaveworksbot/orgs
              received_events_url: https://api.github.com/users/weaveworksbot/received_events
              repos_url: https://api.github.com/users/weaveworksbot/repos
              site_admin: false
              starred_url: https://api.github.com/users/weaveworksbot/starred{/owner}{/repo}
              subscriptions_url: https://api.github.com/users/weaveworksbot/subscriptions
              type: User
              url: https://api.github.com/users/weaveworksbot
            url: https://api.github.com/repos/weaveworks/eksctl/releases/assets/72371031
          - browser_download_url: https://github.com/weaveworks/eksctl/releases/download/v0.106.0/eksctl_Linux_armv6.tar.gz
            content_type: application/gzip
            created_at: "2022-07-22T13:29:54Z"
            download_count: 0
            id: 72371023
            label: ""
            name: eksctl_Linux_armv6.tar.gz
            node_id: RA_kwDOCATpKM4EUEtP
            size: 26660068
            state: uploaded
            updated_at: "2022-07-22T13:29:56Z"
            uploader:
              avatar_url: https://avatars.githubusercontent.com/u/21079686?v=4
              events_url: https://api.github.com/users/weaveworksbot/events{/privacy}
              followers_url: https://api.github.com/users/weaveworksbot/followers
              following_url: https://api.github.com/users/weaveworksbot/following{/other_user}
              gists_url: https://api.github.com/users/weaveworksbot/gists{/gist_id}
              gravatar_id: ""
              html_url: https://github.com/weaveworksbot
              id: 21079686
              login: weaveworksbot
              node_id: MDQ6VXNlcjIxMDc5Njg2
              organizations_url: https://api.github.com/users/weaveworksbot/orgs
              received_events_url: https://api.github.com/users/weaveworksbot/received_events
              repos_url: https://api.github.com/users/weaveworksbot/repos
              site_admin: false
              starred_url: https://api.github.com/users/weaveworksbot/starred{/owner}{/repo}
              subscriptions_url: https://api.github.com/users/weaveworksbot/subscriptions
              type: User
              url: https://api.github.com/users/weaveworksbot
            url: https://api.github.com/repos/weaveworks/eksctl/releases/assets/72371023
          - browser_download_url: https://github.com/weaveworks/eksctl/releases/download/v0.106.0/eksctl_Linux_armv7.tar.gz
            content_type: application/gzip
            created_at: "2022-07-22T13:30:04Z"
            download_count: 0
            id: 72371044
            label: ""
            name: eksctl_Linux_armv7.tar.gz
            node_id: RA_kwDOCATpKM4EUEtk
            size: 26648742
            state: uploaded
            updated_at: "2022-07-22T13:30:06Z"
            uploader:
              avatar_url: https://avatars.githubusercontent.com/u/21079686?v=4
              events_url: https://api.github.com/users/weaveworksbot/events{/privacy}
              followers_url: https://api.github.com/users/weaveworksbot/followers
              following_url: https://api.github.com/users/weaveworksbot/following{/other_user}
              gists_url: https://api.github.com/users/weaveworksbot/gists{/gist_id}
              gravatar_id: ""
              html_url: https://github.com/weaveworksbot
              id: 21079686
              login: weaveworksbot
              node_id: MDQ6VXNlcjIxMDc5Njg2
              organizations_url: https://api.github.com/users/weaveworksbot/orgs
              received_events_url: https://api.github.com/users/weaveworksbot/received_events
              repos_url: https://api.github.com/users/weaveworksbot/repos
              site_admin: false
              starred_url: https://api.github.com/users/weaveworksbot/starred{/owner}{/repo}
              subscriptions_url: https://api.github.com/users/weaveworksbot/subscriptions
              type: User
              url: https://api.github.com/users/weaveworksbot
            url: https://api.github.com/repos/weaveworks/eksctl/releases/assets/72371044
          - browser_download_url: https://github.com/weaveworks/eksctl/releases/download/v0.106.0/eksctl_Windows_amd64.zip
            content_type: application/zip
            created_at: "2022-07-22T13:29:57Z"
            download_count: 2
            id: 72371033
            label: ""
            name: eksctl_Windows_amd64.zip
            node_id: RA_kwDOCATpKM4EUEtZ
            size: 29195163
            state: uploaded
            updated_at: "2022-07-22T13:30:00Z"
            uploader:
              avatar_url: https://avatars.githubusercontent.com/u/21079686?v=4
              events_url: https://api.github.com/users/weaveworksbot/events{/privacy}
              followers_url: https://api.github.com/users/weaveworksbot/followers
              following_url: https://api.github.com/users/weaveworksbot/following{/other_user}
              gists_url: https://api.github.com/users/weaveworksbot/gists{/gist_id}
              gravatar_id: ""
              html_url: https://github.com/weaveworksbot
              id: 21079686
              login: weaveworksbot
              node_id: MDQ6VXNlcjIxMDc5Njg2
              organizations_url: https://api.github.com/users/weaveworksbot/orgs
              received_events_url: https://api.github.com/users/weaveworksbot/received_events
              repos_url: https://api.github.com/users/weaveworksbot/repos
              site_admin: false
              starred_url: https://api.github.com/users/weaveworksbot/starred{/owner}{/repo}
              subscriptions_url: https://api.github.com/users/weaveworksbot/subscriptions
              type: User
              url: https://api.github.com/users/weaveworksbot
            url: https://api.github.com/repos/weaveworks/eksctl/releases/assets/72371033
          - browser_download_url: https://github.com/weaveworks/eksctl/releases/download/v0.106.0/eksctl_Windows_arm64.zip
            content_type: application/zip
            created_at: "2022-07-22T13:30:00Z"
            download_count: 2
            id: 72371039
            label: ""
            name: eksctl_Windows_arm64.zip
            node_id: RA_kwDOCATpKM4EUEtf
            size: 26492691
            state: uploaded
            updated_at: "2022-07-22T13:30:03Z"
            uploader:
              avatar_url: https://avatars.githubusercontent.com/u/21079686?v=4
              events_url: https://api.github.com/users/weaveworksbot/events{/privacy}
              followers_url: https://api.github.com/users/weaveworksbot/followers
              following_url: https://api.github.com/users/weaveworksbot/following{/other_user}
              gists_url: https://api.github.com/users/weaveworksbot/gists{/gist_id}
              gravatar_id: ""
              html_url: https://github.com/weaveworksbot
              id: 21079686
              login: weaveworksbot
              node_id: MDQ6VXNlcjIxMDc5Njg2
              organizations_url: https://api.github.com/users/weaveworksbot/orgs
              received_events_url: https://api.github.com/users/weaveworksbot/received_events
              repos_url: https://api.github.com/users/weaveworksbot/repos
              site_admin: false
              starred_url: https://api.github.com/users/weaveworksbot/starred{/owner}{/repo}
              subscriptions_url: https://api.github.com/users/weaveworksbot/subscriptions
              type: User
              url: https://api.github.com/users/weaveworksbot
            url: https://api.github.com/repos/weaveworks/eksctl/releases/assets/72371039
          - browser_download_url: https://github.com/weaveworks/eksctl/releases/download/v0.106.0/eksctl_Windows_armv6.zip
            content_type: application/zip
            created_at: "2022-07-22T13:30:01Z"
            download_count: 0
            id: 72371040
            label: ""
            name: eksctl_Windows_armv6.zip
            node_id: RA_kwDOCATpKM4EUEtg
            size: 27184304
            state: uploaded
            updated_at: "2022-07-22T13:30:03Z"
            uploader:
              avatar_url: https://avatars.githubusercontent.com/u/21079686?v=4
              events_url: https://api.github.com/users/weaveworksbot/events{/privacy}
              followers_url: https://api.github.com/users/weaveworksbot/followers
              following_url: https://api.github.com/users/weaveworksbot/following{/other_user}
              gists_url: https://api.github.com/users/weaveworksbot/gists{/gist_id}
              gravatar_id: ""
              html_url: https://github.com/weaveworksbot
              id: 21079686
              login: weaveworksbot
              node_id: MDQ6VXNlcjIxMDc5Njg2
              organizations_url: https://api.github.com/users/weaveworksbot/orgs
              received_events_url: https://api.github.com/users/weaveworksbot/received_events
              repos_url: https://api.github.com/users/weaveworksbot/repos
              site_admin: false
              starred_url: https://api.github.com/users/weaveworksbot/starred{/owner}{/repo}
              subscriptions_url: https://api.github.com/users/weaveworksbot/subscriptions
              type: User
              url: https://api.github.com/users/weaveworksbot
            url: https://api.github.com/repos/weaveworks/eksctl/releases/assets/72371040
          - browser_download_url: https://github.com/weaveworks/eksctl/releases/download/v0.106.0/eksctl_Windows_armv7.zip
            content_type: application/zip
            created_at: "2022-07-22T13:29:53Z"
            download_count: 0
            id: 72371021
            label: ""
            name: eksctl_Windows_armv7.zip
            node_id: RA_kwDOCATpKM4EUEtN
            size: 27170241
            state: uploaded
            updated_at: "2022-07-22T13:29:56Z"
            uploader:
              avatar_url: https://avatars.githubusercontent.com/u/21079686?v=4
              events_url: https://api.github.com/users/weaveworksbot/events{/privacy}
              followers_url: https://api.github.com/users/weaveworksbot/followers
              following_url: https://api.github.com/users/weaveworksbot/following{/other_user}
              gists_url: https://api.github.com/users/weaveworksbot/gists{/gist_id}
              gravatar_id: ""
              html_url: https://github.com/weaveworksbot
              id: 21079686
              login: weaveworksbot
              node_id: MDQ6VXNlcjIxMDc5Njg2
              organizations_url: https://api.github.com/users/weaveworksbot/orgs
              received_events_url: https://api.github.com/users/weaveworksbot/received_events
              repos_url: https://api.github.com/users/weaveworksbot/repos
              site_admin: false
              starred_url: https://api.github.com/users/weaveworksbot/starred{/owner}{/repo}
              subscriptions_url: https://api.github.com/users/weaveworksbot/subscriptions
              type: User
              url: https://api.github.com/users/weaveworksbot
            url: https://api.github.com/repos/weaveworks/eksctl/releases/assets/72371021
          assets_url: https://api.github.com/repos/weaveworks/eksctl/releases/72617068/assets
          author:
            avatar_url: https://avatars.githubusercontent.com/u/21079686?v=4
            events_url: https://api.github.com/users/weaveworksbot/events{/privacy}
            followers_url: https://api.github.com/users/weaveworksbot/followers
            following_url: https://api.github.com/users/weaveworksbot/following{/other_user}
            gists_url: https://api.github.com/users/weaveworksbot/gists{/gist_id}
            gravatar_id: ""
            html_url: https://github.com/weaveworksbot
            id: 21079686
            login: weaveworksbot
            node_id: MDQ6VXNlcjIxMDc5Njg2
            organizations_url: https://api.github.com/users/weaveworksbot/orgs
            received_events_url: https://api.github.com/users/weaveworksbot/received_events
            repos_url: https://api.github.com/users/weaveworksbot/repos
            site_admin: false
            starred_url: https://api.github.com/users/weaveworksbot/starred{/owner}{/repo}
            subscriptions_url: https://api.github.com/users/weaveworksbot/subscriptions
            type: User
            url: https://api.github.com/users/weaveworksbot
          body: |+
            # Release 0.106.0

            ## Features

            - Lookup instance availability for all AZs (#5454)

            ## Acknowledgments
            Weaveworks would like to sincerely thank:
            @vflaux

          created_at: "2022-07-22T12:19:55Z"
          draft: false
          html_url: https://github.com/weaveworks/eksctl/releases/tag/v0.106.0
          id: 72617068
          mentions_count: 1
          name: eksctl 0.106.0 (permalink)
          node_id: RE_kwDOCATpKM4EVAxs
          prerelease: false
          published_at: "2022-07-22T13:29:52Z"
          tag_name: v0.106.0
          tarball_url: https://api.github.com/repos/weaveworks/eksctl/tarball/v0.106.0
          target_commitish: main
          upload_url: https://uploads.github.com/repos/weaveworks/eksctl/releases/72617068/assets{?name,label}
          url: https://api.github.com/repos/weaveworks/eksctl/releases/72617068
          zipball_url: https://api.github.com/repos/weaveworks/eksctl/zipball/v0.106.0
