dependencies:
  kubectl:
    version: 1.22.15
    previousVersion: 1.22.17
    versions:
    - 1.22.12
    - 1.22.13
    - 1.22.14
    - 1.22.15
    - 1.22.16
    - 1.22.17
    githubRelease:
      assets:
      - browser_download_url: https://github.com/kubernetes/kubernetes/releases/download/v1.22.15/kubernetes.tar.gz
        content_type: application/x-gzip
        created_at: "2022-09-21T19:04:09Z"
        download_count: 115
        id: 78596975
        label: Kubernetes Source Code
        name: kubernetes.tar.gz
        node_id: RA_kwDOAToIks4Er0tv
        size: 557156
        state: uploaded
        updated_at: "2022-09-21T19:04:10Z"
        uploader:
          avatar_url: https://avatars.githubusercontent.com/u/33505452?v=4
          events_url: https://api.github.com/users/k8s-release-robot/events{/privacy}
          followers_url: https://api.github.com/users/k8s-release-robot/followers
          following_url: https://api.github.com/users/k8s-release-robot/following{/other_user}
          gists_url: https://api.github.com/users/k8s-release-robot/gists{/gist_id}
          gravatar_id: ""
          html_url: https://github.com/k8s-release-robot
          id: 33505452
          login: k8s-release-robot
          node_id: MDQ6VXNlcjMzNTA1NDUy
          organizations_url: https://api.github.com/users/k8s-release-robot/orgs
          received_events_url: https://api.github.com/users/k8s-release-robot/received_events
          repos_url: https://api.github.com/users/k8s-release-robot/repos
          site_admin: false
          starred_url: https://api.github.com/users/k8s-release-robot/starred{/owner}{/repo}
          subscriptions_url: https://api.github.com/users/k8s-release-robot/subscriptions
          type: User
          url: https://api.github.com/users/k8s-release-robot
        url: https://api.github.com/repos/kubernetes/kubernetes/releases/assets/78596975
      assets_url: https://api.github.com/repos/kubernetes/kubernetes/releases/77807233/assets
      author:
        avatar_url: https://avatars.githubusercontent.com/u/33505452?v=4
        events_url: https://api.github.com/users/k8s-release-robot/events{/privacy}
        followers_url: https://api.github.com/users/k8s-release-robot/followers
        following_url: https://api.github.com/users/k8s-release-robot/following{/other_user}
        gists_url: https://api.github.com/users/k8s-release-robot/gists{/gist_id}
        gravatar_id: ""
        html_url: https://github.com/k8s-release-robot
        id: 33505452
        login: k8s-release-robot
        node_id: MDQ6VXNlcjMzNTA1NDUy
        organizations_url: https://api.github.com/users/k8s-release-robot/orgs
        received_events_url: https://api.github.com/users/k8s-release-robot/received_events
        repos_url: https://api.github.com/users/k8s-release-robot/repos
        site_admin: false
        starred_url: https://api.github.com/users/k8s-release-robot/starred{/owner}{/repo}
        subscriptions_url: https://api.github.com/users/k8s-release-robot/subscriptions
        type: User
        url: https://api.github.com/users/k8s-release-robot
      body: |2+

        See [kubernetes-announce@](https://groups.google.com/forum/#!forum/kubernetes-announce). Additional binary downloads are linked in the [CHANGELOG](https://github.com/kubernetes/kubernetes/blob/master/CHANGELOG/CHANGELOG-1.22.md).

        See [the CHANGELOG](https://github.com/kubernetes/kubernetes/blob/master/CHANGELOG/CHANGELOG-1.22.md) for more details.



      created_at: "2022-09-21T12:11:27Z"
      draft: false
      html_url: https://github.com/kubernetes/kubernetes/releases/tag/v1.22.15
      id: 77807233
      name: Kubernetes v1.22.15
      node_id: RE_kwDOAToIks4Eoz6B
      prerelease: false
      published_at: "2022-09-21T19:04:05Z"
      reactions:
        "+1": 4
        "-1": 0
        confused: 0
        eyes: 0
        heart: 2
        hooray: 0
        laugh: 0
        rocket: 0
        total_count: 6
        url: https://api.github.com/repos/kubernetes/kubernetes/releases/77807233/reactions
      tag_name: v1.22.15
      tarball_url: https://api.github.com/repos/kubernetes/kubernetes/tarball/v1.22.15
      target_commitish: master
      upload_url: https://uploads.github.com/repos/kubernetes/kubernetes/releases/77807233/assets{?name,label}
      url: https://api.github.com/repos/kubernetes/kubernetes/releases/77807233
      zipball_url: https://api.github.com/repos/kubernetes/kubernetes/zipball/v1.22.15
meta:
  dependencies:
    kubectl:
      1.22.13:
        githubRelease:
          assets:
          - browser_download_url: https://github.com/kubernetes/kubernetes/releases/download/v1.22.13/kubernetes.tar.gz
            content_type: application/x-gzip
            created_at: "2022-08-17T21:19:23Z"
            download_count: 2
            id: 75033895
            label: Kubernetes Source Code
            name: kubernetes.tar.gz
            node_id: RA_kwDOAToIks4EeO0n
            size: 570096
            state: uploaded
            updated_at: "2022-08-17T21:19:24Z"
            uploader:
              avatar_url: https://avatars.githubusercontent.com/u/33505452?v=4
              events_url: https://api.github.com/users/k8s-release-robot/events{/privacy}
              followers_url: https://api.github.com/users/k8s-release-robot/followers
              following_url: https://api.github.com/users/k8s-release-robot/following{/other_user}
              gists_url: https://api.github.com/users/k8s-release-robot/gists{/gist_id}
              gravatar_id: ""
              html_url: https://github.com/k8s-release-robot
              id: 33505452
              login: k8s-release-robot
              node_id: MDQ6VXNlcjMzNTA1NDUy
              organizations_url: https://api.github.com/users/k8s-release-robot/orgs
              received_events_url: https://api.github.com/users/k8s-release-robot/received_events
              repos_url: https://api.github.com/users/k8s-release-robot/repos
              site_admin: false
              starred_url: https://api.github.com/users/k8s-release-robot/starred{/owner}{/repo}
              subscriptions_url: https://api.github.com/users/k8s-release-robot/subscriptions
              type: User
              url: https://api.github.com/users/k8s-release-robot
            url: https://api.github.com/repos/kubernetes/kubernetes/releases/assets/75033895
          assets_url: https://api.github.com/repos/kubernetes/kubernetes/releases/74666225/assets
          author:
            avatar_url: https://avatars.githubusercontent.com/u/33505452?v=4
            events_url: https://api.github.com/users/k8s-release-robot/events{/privacy}
            followers_url: https://api.github.com/users/k8s-release-robot/followers
            following_url: https://api.github.com/users/k8s-release-robot/following{/other_user}
            gists_url: https://api.github.com/users/k8s-release-robot/gists{/gist_id}
            gravatar_id: ""
            html_url: https://github.com/k8s-release-robot
            id: 33505452
            login: k8s-release-robot
            node_id: MDQ6VXNlcjMzNTA1NDUy
            organizations_url: https://api.github.com/users/k8s-release-robot/orgs
            received_events_url: https://api.github.com/users/k8s-release-robot/received_events
            repos_url: https://api.github.com/users/k8s-release-robot/repos
            site_admin: false
            starred_url: https://api.github.com/users/k8s-release-robot/starred{/owner}{/repo}
            subscriptions_url: https://api.github.com/users/k8s-release-robot/subscriptions
            type: User
            url: https://api.github.com/users/k8s-release-robot
          body: |2+

            See [kubernetes-announce@](https://groups.google.com/forum/#!forum/kubernetes-announce). Additional binary downloads are linked in the [CHANGELOG](https://github.com/kubernetes/kubernetes/blob/master/CHANGELOG/CHANGELOG-1.22.md).

            See [the CHANGELOG](https://github.com/kubernetes/kubernetes/blob/master/CHANGELOG/CHANGELOG-1.22.md) for more details.



          created_at: "2022-08-17T18:22:57Z"
          draft: false
          html_url: https://github.com/kubernetes/kubernetes/releases/tag/v1.22.13
          id: 74666225
          name: Kubernetes v1.22.13
          node_id: RE_kwDOAToIks4Ec1Dx
          prerelease: false
          published_at: "2022-08-17T21:19:19Z"
          reactions:
            "+1": 3
            "-1": 0
            confused: 0
            eyes: 0
            heart: 0
            hooray: 0
            laugh: 0
            rocket: 0
            total_count: 3
            url: https://api.github.com/repos/kubernetes/kubernetes/releases/74666225/reactions
          tag_name: v1.22.13
          tarball_url: https://api.github.com/repos/kubernetes/kubernetes/tarball/v1.22.13
          target_commitish: master
          upload_url: https://uploads.github.com/repos/kubernetes/kubernetes/releases/74666225/assets{?name,label}
          url: https://api.github.com/repos/kubernetes/kubernetes/releases/74666225
          zipball_url: https://api.github.com/repos/kubernetes/kubernetes/zipball/v1.22.13
      1.22.14:
        githubRelease:
          assets:
          - browser_download_url: https://github.com/kubernetes/kubernetes/releases/download/v1.22.14/kubernetes.tar.gz
            content_type: application/x-gzip
            created_at: "2022-09-15T14:46:14Z"
            download_count: 4
            id: 77974421
            label: Kubernetes Source Code
            name: kubernetes.tar.gz
            node_id: RA_kwDOAToIks4EpcuV
            size: 557023
            state: uploaded
            updated_at: "2022-09-15T14:46:15Z"
            uploader:
              avatar_url: https://avatars.githubusercontent.com/u/33505452?v=4
              events_url: https://api.github.com/users/k8s-release-robot/events{/privacy}
              followers_url: https://api.github.com/users/k8s-release-robot/followers
              following_url: https://api.github.com/users/k8s-release-robot/following{/other_user}
              gists_url: https://api.github.com/users/k8s-release-robot/gists{/gist_id}
              gravatar_id: ""
              html_url: https://github.com/k8s-release-robot
              id: 33505452
              login: k8s-release-robot
              node_id: MDQ6VXNlcjMzNTA1NDUy
              organizations_url: https://api.github.com/users/k8s-release-robot/orgs
              received_events_url: https://api.github.com/users/k8s-release-robot/received_events
              repos_url: https://api.github.com/users/k8s-release-robot/repos
              site_admin: false
              starred_url: https://api.github.com/users/k8s-release-robot/starred{/owner}{/repo}
              subscriptions_url: https://api.github.com/users/k8s-release-robot/subscriptions
              type: User
              url: https://api.github.com/users/k8s-release-robot
            url: https://api.github.com/repos/kubernetes/kubernetes/releases/assets/77974421
          assets_url: https://api.github.com/repos/kubernetes/kubernetes/releases/77303985/assets
          author:
            avatar_url: https://avatars.githubusercontent.com/u/33505452?v=4
            events_url: https://api.github.com/users/k8s-release-robot/events{/privacy}
            followers_url: https://api.github.com/users/k8s-release-robot/followers
            following_url: https://api.github.com/users/k8s-release-robot/following{/other_user}
            gists_url: https://api.github.com/users/k8s-release-robot/gists{/gist_id}
            gravatar_id: ""
            html_url: https://github.com/k8s-release-robot
            id: 33505452
            login: k8s-release-robot
            node_id: MDQ6VXNlcjMzNTA1NDUy
            organizations_url: https://api.github.com/users/k8s-release-robot/orgs
            received_events_url: https://api.github.com/users/k8s-release-robot/received_events
            repos_url: https://api.github.com/users/k8s-release-robot/repos
            site_admin: false
            starred_url: https://api.github.com/users/k8s-release-robot/starred{/owner}{/repo}
            subscriptions_url: https://api.github.com/users/k8s-release-robot/subscriptions
            type: User
            url: https://api.github.com/users/k8s-release-robot
          body: |2+

            See [kubernetes-announce@](https://groups.google.com/forum/#!forum/kubernetes-announce). Additional binary downloads are linked in the [CHANGELOG](https://github.com/kubernetes/kubernetes/blob/master/CHANGELOG/CHANGELOG-1.22.md).

            See [the CHANGELOG](https://github.com/kubernetes/kubernetes/blob/master/CHANGELOG/CHANGELOG-1.22.md) for more details.



          created_at: "2022-09-14T22:35:04Z"
          draft: false
          html_url: https://github.com/kubernetes/kubernetes/releases/tag/v1.22.14
          id: 77303985
          name: Kubernetes v1.22.14
          node_id: RE_kwDOAToIks4Em5Cx
          prerelease: false
          published_at: "2022-09-15T14:46:10Z"
          tag_name: v1.22.14
          tarball_url: https://api.github.com/repos/kubernetes/kubernetes/tarball/v1.22.14
          target_commitish: master
          upload_url: https://uploads.github.com/repos/kubernetes/kubernetes/releases/77303985/assets{?name,label}
          url: https://api.github.com/repos/kubernetes/kubernetes/releases/77303985
          zipball_url: https://api.github.com/repos/kubernetes/kubernetes/zipball/v1.22.14
      1.22.15:
        githubRelease:
          assets:
          - browser_download_url: https://github.com/kubernetes/kubernetes/releases/download/v1.22.15/kubernetes.tar.gz
            content_type: application/x-gzip
            created_at: "2022-09-21T19:04:09Z"
            download_count: 4
            id: 78596975
            label: Kubernetes Source Code
            name: kubernetes.tar.gz
            node_id: RA_kwDOAToIks4Er0tv
            size: 557156
            state: uploaded
            updated_at: "2022-09-21T19:04:10Z"
            uploader:
              avatar_url: https://avatars.githubusercontent.com/u/33505452?v=4
              events_url: https://api.github.com/users/k8s-release-robot/events{/privacy}
              followers_url: https://api.github.com/users/k8s-release-robot/followers
              following_url: https://api.github.com/users/k8s-release-robot/following{/other_user}
              gists_url: https://api.github.com/users/k8s-release-robot/gists{/gist_id}
              gravatar_id: ""
              html_url: https://github.com/k8s-release-robot
              id: 33505452
              login: k8s-release-robot
              node_id: MDQ6VXNlcjMzNTA1NDUy
              organizations_url: https://api.github.com/users/k8s-release-robot/orgs
              received_events_url: https://api.github.com/users/k8s-release-robot/received_events
              repos_url: https://api.github.com/users/k8s-release-robot/repos
              site_admin: false
              starred_url: https://api.github.com/users/k8s-release-robot/starred{/owner}{/repo}
              subscriptions_url: https://api.github.com/users/k8s-release-robot/subscriptions
              type: User
              url: https://api.github.com/users/k8s-release-robot
            url: https://api.github.com/repos/kubernetes/kubernetes/releases/assets/78596975
          assets_url: https://api.github.com/repos/kubernetes/kubernetes/releases/77807233/assets
          author:
            avatar_url: https://avatars.githubusercontent.com/u/33505452?v=4
            events_url: https://api.github.com/users/k8s-release-robot/events{/privacy}
            followers_url: https://api.github.com/users/k8s-release-robot/followers
            following_url: https://api.github.com/users/k8s-release-robot/following{/other_user}
            gists_url: https://api.github.com/users/k8s-release-robot/gists{/gist_id}
            gravatar_id: ""
            html_url: https://github.com/k8s-release-robot
            id: 33505452
            login: k8s-release-robot
            node_id: MDQ6VXNlcjMzNTA1NDUy
            organizations_url: https://api.github.com/users/k8s-release-robot/orgs
            received_events_url: https://api.github.com/users/k8s-release-robot/received_events
            repos_url: https://api.github.com/users/k8s-release-robot/repos
            site_admin: false
            starred_url: https://api.github.com/users/k8s-release-robot/starred{/owner}{/repo}
            subscriptions_url: https://api.github.com/users/k8s-release-robot/subscriptions
            type: User
            url: https://api.github.com/users/k8s-release-robot
          body: |2+

            See [kubernetes-announce@](https://groups.google.com/forum/#!forum/kubernetes-announce). Additional binary downloads are linked in the [CHANGELOG](https://github.com/kubernetes/kubernetes/blob/master/CHANGELOG/CHANGELOG-1.22.md).

            See [the CHANGELOG](https://github.com/kubernetes/kubernetes/blob/master/CHANGELOG/CHANGELOG-1.22.md) for more details.



          created_at: "2022-09-21T12:11:27Z"
          draft: false
          html_url: https://github.com/kubernetes/kubernetes/releases/tag/v1.22.15
          id: 77807233
          name: Kubernetes v1.22.15
          node_id: RE_kwDOAToIks4Eoz6B
          prerelease: false
          published_at: "2022-09-21T19:04:05Z"
          reactions:
            "+1": 1
            "-1": 0
            confused: 0
            eyes: 0
            heart: 0
            hooray: 0
            laugh: 0
            rocket: 0
            total_count: 1
            url: https://api.github.com/repos/kubernetes/kubernetes/releases/77807233/reactions
          tag_name: v1.22.15
          tarball_url: https://api.github.com/repos/kubernetes/kubernetes/tarball/v1.22.15
          target_commitish: master
          upload_url: https://uploads.github.com/repos/kubernetes/kubernetes/releases/77807233/assets{?name,label}
          url: https://api.github.com/repos/kubernetes/kubernetes/releases/77807233
          zipball_url: https://api.github.com/repos/kubernetes/kubernetes/zipball/v1.22.15
      1.22.16:
        githubRelease:
          assets:
          - browser_download_url: https://github.com/kubernetes/kubernetes/releases/download/v1.22.16/kubernetes.tar.gz
            content_type: application/x-gzip
            created_at: "2022-11-10T17:42:40Z"
            download_count: 3
            id: 84169585
            label: Kubernetes Source Code
            name: kubernetes.tar.gz
            node_id: RA_kwDOAToIks4FBFNx
            size: 576431
            state: uploaded
            updated_at: "2022-11-10T17:42:40Z"
            uploader:
              avatar_url: https://avatars.githubusercontent.com/u/33505452?v=4
              events_url: https://api.github.com/users/k8s-release-robot/events{/privacy}
              followers_url: https://api.github.com/users/k8s-release-robot/followers
              following_url: https://api.github.com/users/k8s-release-robot/following{/other_user}
              gists_url: https://api.github.com/users/k8s-release-robot/gists{/gist_id}
              gravatar_id: ""
              html_url: https://github.com/k8s-release-robot
              id: 33505452
              login: k8s-release-robot
              node_id: MDQ6VXNlcjMzNTA1NDUy
              organizations_url: https://api.github.com/users/k8s-release-robot/orgs
              received_events_url: https://api.github.com/users/k8s-release-robot/received_events
              repos_url: https://api.github.com/users/k8s-release-robot/repos
              site_admin: false
              starred_url: https://api.github.com/users/k8s-release-robot/starred{/owner}{/repo}
              subscriptions_url: https://api.github.com/users/k8s-release-robot/subscriptions
              type: User
              url: https://api.github.com/users/k8s-release-robot
            url: https://api.github.com/repos/kubernetes/kubernetes/releases/assets/84169585
          assets_url: https://api.github.com/repos/kubernetes/kubernetes/releases/82714305/assets
          author:
            avatar_url: https://avatars.githubusercontent.com/u/33505452?v=4
            events_url: https://api.github.com/users/k8s-release-robot/events{/privacy}
            followers_url: https://api.github.com/users/k8s-release-robot/followers
            following_url: https://api.github.com/users/k8s-release-robot/following{/other_user}
            gists_url: https://api.github.com/users/k8s-release-robot/gists{/gist_id}
            gravatar_id: ""
            html_url: https://github.com/k8s-release-robot
            id: 33505452
            login: k8s-release-robot
            node_id: MDQ6VXNlcjMzNTA1NDUy
            organizations_url: https://api.github.com/users/k8s-release-robot/orgs
            received_events_url: https://api.github.com/users/k8s-release-robot/received_events
            repos_url: https://api.github.com/users/k8s-release-robot/repos
            site_admin: false
            starred_url: https://api.github.com/users/k8s-release-robot/starred{/owner}{/repo}
            subscriptions_url: https://api.github.com/users/k8s-release-robot/subscriptions
            type: User
            url: https://api.github.com/users/k8s-release-robot
          body: |2+

            See [kubernetes-announce@](https://groups.google.com/forum/#!forum/kubernetes-announce). Additional binary downloads are linked in the [CHANGELOG](https://github.com/kubernetes/kubernetes/blob/master/CHANGELOG/CHANGELOG-1.22.md).

            See [the CHANGELOG](https://github.com/kubernetes/kubernetes/blob/master/CHANGELOG/CHANGELOG-1.22.md) for more details.



          created_at: "2022-11-09T13:30:52Z"
          draft: false
          html_url: https://github.com/kubernetes/kubernetes/releases/tag/v1.22.16
          id: 82714305
          name: Kubernetes v1.22.16
          node_id: RE_kwDOAToIks4E7h7B
          prerelease: false
          published_at: "2022-11-10T17:42:36Z"
          tag_name: v1.22.16
          tarball_url: https://api.github.com/repos/kubernetes/kubernetes/tarball/v1.22.16
          target_commitish: master
          upload_url: https://uploads.github.com/repos/kubernetes/kubernetes/releases/82714305/assets{?name,label}
          url: https://api.github.com/repos/kubernetes/kubernetes/releases/82714305
          zipball_url: https://api.github.com/repos/kubernetes/kubernetes/zipball/v1.22.16
      1.22.17:
        githubRelease:
          assets:
          - browser_download_url: https://github.com/kubernetes/kubernetes/releases/download/v1.22.17/kubernetes.tar.gz
            content_type: application/x-gzip
            created_at: "2022-12-08T21:24:17Z"
            download_count: 4
            id: 87514722
            label: Kubernetes Source Code
            name: kubernetes.tar.gz
            node_id: RA_kwDOAToIks4FN15i
            size: 570842
            state: uploaded
            updated_at: "2022-12-08T21:24:17Z"
            uploader:
              avatar_url: https://avatars.githubusercontent.com/u/33505452?v=4
              events_url: https://api.github.com/users/k8s-release-robot/events{/privacy}
              followers_url: https://api.github.com/users/k8s-release-robot/followers
              following_url: https://api.github.com/users/k8s-release-robot/following{/other_user}
              gists_url: https://api.github.com/users/k8s-release-robot/gists{/gist_id}
              gravatar_id: ""
              html_url: https://github.com/k8s-release-robot
              id: 33505452
              login: k8s-release-robot
              node_id: MDQ6VXNlcjMzNTA1NDUy
              organizations_url: https://api.github.com/users/k8s-release-robot/orgs
              received_events_url: https://api.github.com/users/k8s-release-robot/received_events
              repos_url: https://api.github.com/users/k8s-release-robot/repos
              site_admin: false
              starred_url: https://api.github.com/users/k8s-release-robot/starred{/owner}{/repo}
              subscriptions_url: https://api.github.com/users/k8s-release-robot/subscriptions
              type: User
              url: https://api.github.com/users/k8s-release-robot
            url: https://api.github.com/repos/kubernetes/kubernetes/releases/assets/87514722
          assets_url: https://api.github.com/repos/kubernetes/kubernetes/releases/85487731/assets
          author:
            avatar_url: https://avatars.githubusercontent.com/u/33505452?v=4
            events_url: https://api.github.com/users/k8s-release-robot/events{/privacy}
            followers_url: https://api.github.com/users/k8s-release-robot/followers
            following_url: https://api.github.com/users/k8s-release-robot/following{/other_user}
            gists_url: https://api.github.com/users/k8s-release-robot/gists{/gist_id}
            gravatar_id: ""
            html_url: https://github.com/k8s-release-robot
            id: 33505452
            login: k8s-release-robot
            node_id: MDQ6VXNlcjMzNTA1NDUy
            organizations_url: https://api.github.com/users/k8s-release-robot/orgs
            received_events_url: https://api.github.com/users/k8s-release-robot/received_events
            repos_url: https://api.github.com/users/k8s-release-robot/repos
            site_admin: false
            starred_url: https://api.github.com/users/k8s-release-robot/starred{/owner}{/repo}
            subscriptions_url: https://api.github.com/users/k8s-release-robot/subscriptions
            type: User
            url: https://api.github.com/users/k8s-release-robot
          body: |2+

            See [kubernetes-announce@](https://groups.google.com/forum/#!forum/kubernetes-announce). Additional binary downloads are linked in the [CHANGELOG](https://github.com/kubernetes/kubernetes/blob/master/CHANGELOG/CHANGELOG-1.22.md).

            See [the CHANGELOG](https://github.com/kubernetes/kubernetes/blob/master/CHANGELOG/CHANGELOG-1.22.md) for more details.



          created_at: "2022-12-08T11:41:04Z"
          draft: false
          html_url: https://github.com/kubernetes/kubernetes/releases/tag/v1.22.17
          id: 85487731
          name: Kubernetes v1.22.17
          node_id: RE_kwDOAToIks4FGHBz
          prerelease: false
          published_at: "2022-12-08T21:24:13Z"
          tag_name: v1.22.17
          tarball_url: https://api.github.com/repos/kubernetes/kubernetes/tarball/v1.22.17
          target_commitish: master
          upload_url: https://uploads.github.com/repos/kubernetes/kubernetes/releases/85487731/assets{?name,label}
          url: https://api.github.com/repos/kubernetes/kubernetes/releases/85487731
          zipball_url: https://api.github.com/repos/kubernetes/kubernetes/zipball/v1.22.17
