dependencies:
  argocd:
    version: 2.10.1
    previousVersion: 2.10.0
    versions:
    - 2.9.6
    - 2.10.1
  helm:
    version: 3.14.2
    previousVersion: 3.14.1
    versions:
    - 3.14.1
    - 3.14.2
  helmfile:
    version: 0.162.0
    previousVersion: 0.161.0
    versions:
    - 0.161.0
    - 0.162.0
    githubRelease:
      assets:
      - browser_download_url: https://github.com/helmfile/helmfile/releases/download/v0.162.0/helmfile_0.162.0_checksums.txt
        content_type: text/plain; charset=utf-8
        created_at: "2024-02-18T10:55:49Z"
        download_count: 173
        id: 152229275
        label: ""
        name: helmfile_0.162.0_checksums.txt
        node_id: RA_kwDOHEifes4JEtWb
        size: 820
        state: uploaded
        updated_at: "2024-02-18T10:55:49Z"
        uploader:
          avatar_url: https://avatars.githubusercontent.com/in/15368?v=4
          events_url: https://api.github.com/users/github-actions%5Bbot%5D/events{/privacy}
          followers_url: https://api.github.com/users/github-actions%5Bbot%5D/followers
          following_url: https://api.github.com/users/github-actions%5Bbot%5D/following{/other_user}
          gists_url: https://api.github.com/users/github-actions%5Bbot%5D/gists{/gist_id}
          gravatar_id: ""
          html_url: https://github.com/apps/github-actions
          id: 41898282
          login: github-actions[bot]
          node_id: MDM6Qm90NDE4OTgyODI=
          organizations_url: https://api.github.com/users/github-actions%5Bbot%5D/orgs
          received_events_url: https://api.github.com/users/github-actions%5Bbot%5D/received_events
          repos_url: https://api.github.com/users/github-actions%5Bbot%5D/repos
          site_admin: false
          starred_url: https://api.github.com/users/github-actions%5Bbot%5D/starred{/owner}{/repo}
          subscriptions_url: https://api.github.com/users/github-actions%5Bbot%5D/subscriptions
          type: Bot
          url: https://api.github.com/users/github-actions%5Bbot%5D
        url: https://api.github.com/repos/helmfile/helmfile/releases/assets/152229275
      - browser_download_url: https://github.com/helmfile/helmfile/releases/download/v0.162.0/helmfile_0.162.0_darwin_amd64.tar.gz
        content_type: application/gzip
        created_at: "2024-02-18T10:55:47Z"
        download_count: 63
        id: 152229262
        label: ""
        name: helmfile_0.162.0_darwin_amd64.tar.gz
        node_id: RA_kwDOHEifes4JEtWO
        size: 22875185
        state: uploaded
        updated_at: "2024-02-18T10:55:47Z"
        uploader:
          avatar_url: https://avatars.githubusercontent.com/in/15368?v=4
          events_url: https://api.github.com/users/github-actions%5Bbot%5D/events{/privacy}
          followers_url: https://api.github.com/users/github-actions%5Bbot%5D/followers
          following_url: https://api.github.com/users/github-actions%5Bbot%5D/following{/other_user}
          gists_url: https://api.github.com/users/github-actions%5Bbot%5D/gists{/gist_id}
          gravatar_id: ""
          html_url: https://github.com/apps/github-actions
          id: 41898282
          login: github-actions[bot]
          node_id: MDM6Qm90NDE4OTgyODI=
          organizations_url: https://api.github.com/users/github-actions%5Bbot%5D/orgs
          received_events_url: https://api.github.com/users/github-actions%5Bbot%5D/received_events
          repos_url: https://api.github.com/users/github-actions%5Bbot%5D/repos
          site_admin: false
          starred_url: https://api.github.com/users/github-actions%5Bbot%5D/starred{/owner}{/repo}
          subscriptions_url: https://api.github.com/users/github-actions%5Bbot%5D/subscriptions
          type: Bot
          url: https://api.github.com/users/github-actions%5Bbot%5D
        url: https://api.github.com/repos/helmfile/helmfile/releases/assets/152229262
      - browser_download_url: https://github.com/helmfile/helmfile/releases/download/v0.162.0/helmfile_0.162.0_darwin_arm64.tar.gz
        content_type: application/gzip
        created_at: "2024-02-18T10:55:47Z"
        download_count: 95
        id: 152229263
        label: ""
        name: helmfile_0.162.0_darwin_arm64.tar.gz
        node_id: RA_kwDOHEifes4JEtWP
        size: 21518166
        state: uploaded
        updated_at: "2024-02-18T10:55:48Z"
        uploader:
          avatar_url: https://avatars.githubusercontent.com/in/15368?v=4
          events_url: https://api.github.com/users/github-actions%5Bbot%5D/events{/privacy}
          followers_url: https://api.github.com/users/github-actions%5Bbot%5D/followers
          following_url: https://api.github.com/users/github-actions%5Bbot%5D/following{/other_user}
          gists_url: https://api.github.com/users/github-actions%5Bbot%5D/gists{/gist_id}
          gravatar_id: ""
          html_url: https://github.com/apps/github-actions
          id: 41898282
          login: github-actions[bot]
          node_id: MDM6Qm90NDE4OTgyODI=
          organizations_url: https://api.github.com/users/github-actions%5Bbot%5D/orgs
          received_events_url: https://api.github.com/users/github-actions%5Bbot%5D/received_events
          repos_url: https://api.github.com/users/github-actions%5Bbot%5D/repos
          site_admin: false
          starred_url: https://api.github.com/users/github-actions%5Bbot%5D/starred{/owner}{/repo}
          subscriptions_url: https://api.github.com/users/github-actions%5Bbot%5D/subscriptions
          type: Bot
          url: https://api.github.com/users/github-actions%5Bbot%5D
        url: https://api.github.com/repos/helmfile/helmfile/releases/assets/152229263
      - browser_download_url: https://github.com/helmfile/helmfile/releases/download/v0.162.0/helmfile_0.162.0_linux_386.tar.gz
        content_type: application/gzip
        created_at: "2024-02-18T10:55:47Z"
        download_count: 17
        id: 152229261
        label: ""
        name: helmfile_0.162.0_linux_386.tar.gz
        node_id: RA_kwDOHEifes4JEtWN
        size: 20636165
        state: uploaded
        updated_at: "2024-02-18T10:55:47Z"
        uploader:
          avatar_url: https://avatars.githubusercontent.com/in/15368?v=4
          events_url: https://api.github.com/users/github-actions%5Bbot%5D/events{/privacy}
          followers_url: https://api.github.com/users/github-actions%5Bbot%5D/followers
          following_url: https://api.github.com/users/github-actions%5Bbot%5D/following{/other_user}
          gists_url: https://api.github.com/users/github-actions%5Bbot%5D/gists{/gist_id}
          gravatar_id: ""
          html_url: https://github.com/apps/github-actions
          id: 41898282
          login: github-actions[bot]
          node_id: MDM6Qm90NDE4OTgyODI=
          organizations_url: https://api.github.com/users/github-actions%5Bbot%5D/orgs
          received_events_url: https://api.github.com/users/github-actions%5Bbot%5D/received_events
          repos_url: https://api.github.com/users/github-actions%5Bbot%5D/repos
          site_admin: false
          starred_url: https://api.github.com/users/github-actions%5Bbot%5D/starred{/owner}{/repo}
          subscriptions_url: https://api.github.com/users/github-actions%5Bbot%5D/subscriptions
          type: Bot
          url: https://api.github.com/users/github-actions%5Bbot%5D
        url: https://api.github.com/repos/helmfile/helmfile/releases/assets/152229261
      - browser_download_url: https://github.com/helmfile/helmfile/releases/download/v0.162.0/helmfile_0.162.0_linux_amd64.tar.gz
        content_type: application/gzip
        created_at: "2024-02-18T10:55:48Z"
        download_count: 6336
        id: 152229273
        label: ""
        name: helmfile_0.162.0_linux_amd64.tar.gz
        node_id: RA_kwDOHEifes4JEtWZ
        size: 22525677
        state: uploaded
        updated_at: "2024-02-18T10:55:49Z"
        uploader:
          avatar_url: https://avatars.githubusercontent.com/in/15368?v=4
          events_url: https://api.github.com/users/github-actions%5Bbot%5D/events{/privacy}
          followers_url: https://api.github.com/users/github-actions%5Bbot%5D/followers
          following_url: https://api.github.com/users/github-actions%5Bbot%5D/following{/other_user}
          gists_url: https://api.github.com/users/github-actions%5Bbot%5D/gists{/gist_id}
          gravatar_id: ""
          html_url: https://github.com/apps/github-actions
          id: 41898282
          login: github-actions[bot]
          node_id: MDM6Qm90NDE4OTgyODI=
          organizations_url: https://api.github.com/users/github-actions%5Bbot%5D/orgs
          received_events_url: https://api.github.com/users/github-actions%5Bbot%5D/received_events
          repos_url: https://api.github.com/users/github-actions%5Bbot%5D/repos
          site_admin: false
          starred_url: https://api.github.com/users/github-actions%5Bbot%5D/starred{/owner}{/repo}
          subscriptions_url: https://api.github.com/users/github-actions%5Bbot%5D/subscriptions
          type: Bot
          url: https://api.github.com/users/github-actions%5Bbot%5D
        url: https://api.github.com/repos/helmfile/helmfile/releases/assets/152229273
      - browser_download_url: https://github.com/helmfile/helmfile/releases/download/v0.162.0/helmfile_0.162.0_linux_arm64.tar.gz
        content_type: application/gzip
        created_at: "2024-02-18T10:55:47Z"
        download_count: 635
        id: 152229260
        label: ""
        name: helmfile_0.162.0_linux_arm64.tar.gz
        node_id: RA_kwDOHEifes4JEtWM
        size: 20561105
        state: uploaded
        updated_at: "2024-02-18T10:55:48Z"
        uploader:
          avatar_url: https://avatars.githubusercontent.com/in/15368?v=4
          events_url: https://api.github.com/users/github-actions%5Bbot%5D/events{/privacy}
          followers_url: https://api.github.com/users/github-actions%5Bbot%5D/followers
          following_url: https://api.github.com/users/github-actions%5Bbot%5D/following{/other_user}
          gists_url: https://api.github.com/users/github-actions%5Bbot%5D/gists{/gist_id}
          gravatar_id: ""
          html_url: https://github.com/apps/github-actions
          id: 41898282
          login: github-actions[bot]
          node_id: MDM6Qm90NDE4OTgyODI=
          organizations_url: https://api.github.com/users/github-actions%5Bbot%5D/orgs
          received_events_url: https://api.github.com/users/github-actions%5Bbot%5D/received_events
          repos_url: https://api.github.com/users/github-actions%5Bbot%5D/repos
          site_admin: false
          starred_url: https://api.github.com/users/github-actions%5Bbot%5D/starred{/owner}{/repo}
          subscriptions_url: https://api.github.com/users/github-actions%5Bbot%5D/subscriptions
          type: Bot
          url: https://api.github.com/users/github-actions%5Bbot%5D
        url: https://api.github.com/repos/helmfile/helmfile/releases/assets/152229260
      - browser_download_url: https://github.com/helmfile/helmfile/releases/download/v0.162.0/helmfile_0.162.0_windows_386.tar.gz
        content_type: application/gzip
        created_at: "2024-02-18T10:55:48Z"
        download_count: 5
        id: 152229271
        label: ""
        name: helmfile_0.162.0_windows_386.tar.gz
        node_id: RA_kwDOHEifes4JEtWX
        size: 21582878
        state: uploaded
        updated_at: "2024-02-18T10:55:48Z"
        uploader:
          avatar_url: https://avatars.githubusercontent.com/in/15368?v=4
          events_url: https://api.github.com/users/github-actions%5Bbot%5D/events{/privacy}
          followers_url: https://api.github.com/users/github-actions%5Bbot%5D/followers
          following_url: https://api.github.com/users/github-actions%5Bbot%5D/following{/other_user}
          gists_url: https://api.github.com/users/github-actions%5Bbot%5D/gists{/gist_id}
          gravatar_id: ""
          html_url: https://github.com/apps/github-actions
          id: 41898282
          login: github-actions[bot]
          node_id: MDM6Qm90NDE4OTgyODI=
          organizations_url: https://api.github.com/users/github-actions%5Bbot%5D/orgs
          received_events_url: https://api.github.com/users/github-actions%5Bbot%5D/received_events
          repos_url: https://api.github.com/users/github-actions%5Bbot%5D/repos
          site_admin: false
          starred_url: https://api.github.com/users/github-actions%5Bbot%5D/starred{/owner}{/repo}
          subscriptions_url: https://api.github.com/users/github-actions%5Bbot%5D/subscriptions
          type: Bot
          url: https://api.github.com/users/github-actions%5Bbot%5D
        url: https://api.github.com/repos/helmfile/helmfile/releases/assets/152229271
      - browser_download_url: https://github.com/helmfile/helmfile/releases/download/v0.162.0/helmfile_0.162.0_windows_amd64.tar.gz
        content_type: application/gzip
        created_at: "2024-02-18T10:55:48Z"
        download_count: 218
        id: 152229274
        label: ""
        name: helmfile_0.162.0_windows_amd64.tar.gz
        node_id: RA_kwDOHEifes4JEtWa
        size: 22997122
        state: uploaded
        updated_at: "2024-02-18T10:55:49Z"
        uploader:
          avatar_url: https://avatars.githubusercontent.com/in/15368?v=4
          events_url: https://api.github.com/users/github-actions%5Bbot%5D/events{/privacy}
          followers_url: https://api.github.com/users/github-actions%5Bbot%5D/followers
          following_url: https://api.github.com/users/github-actions%5Bbot%5D/following{/other_user}
          gists_url: https://api.github.com/users/github-actions%5Bbot%5D/gists{/gist_id}
          gravatar_id: ""
          html_url: https://github.com/apps/github-actions
          id: 41898282
          login: github-actions[bot]
          node_id: MDM6Qm90NDE4OTgyODI=
          organizations_url: https://api.github.com/users/github-actions%5Bbot%5D/orgs
          received_events_url: https://api.github.com/users/github-actions%5Bbot%5D/received_events
          repos_url: https://api.github.com/users/github-actions%5Bbot%5D/repos
          site_admin: false
          starred_url: https://api.github.com/users/github-actions%5Bbot%5D/starred{/owner}{/repo}
          subscriptions_url: https://api.github.com/users/github-actions%5Bbot%5D/subscriptions
          type: Bot
          url: https://api.github.com/users/github-actions%5Bbot%5D
        url: https://api.github.com/repos/helmfile/helmfile/releases/assets/152229274
      - browser_download_url: https://github.com/helmfile/helmfile/releases/download/v0.162.0/helmfile_0.162.0_windows_arm64.tar.gz
        content_type: application/gzip
        created_at: "2024-02-18T10:55:48Z"
        download_count: 5
        id: 152229272
        label: ""
        name: helmfile_0.162.0_windows_arm64.tar.gz
        node_id: RA_kwDOHEifes4JEtWY
        size: 20582867
        state: uploaded
        updated_at: "2024-02-18T10:55:48Z"
        uploader:
          avatar_url: https://avatars.githubusercontent.com/in/15368?v=4
          events_url: https://api.github.com/users/github-actions%5Bbot%5D/events{/privacy}
          followers_url: https://api.github.com/users/github-actions%5Bbot%5D/followers
          following_url: https://api.github.com/users/github-actions%5Bbot%5D/following{/other_user}
          gists_url: https://api.github.com/users/github-actions%5Bbot%5D/gists{/gist_id}
          gravatar_id: ""
          html_url: https://github.com/apps/github-actions
          id: 41898282
          login: github-actions[bot]
          node_id: MDM6Qm90NDE4OTgyODI=
          organizations_url: https://api.github.com/users/github-actions%5Bbot%5D/orgs
          received_events_url: https://api.github.com/users/github-actions%5Bbot%5D/received_events
          repos_url: https://api.github.com/users/github-actions%5Bbot%5D/repos
          site_admin: false
          starred_url: https://api.github.com/users/github-actions%5Bbot%5D/starred{/owner}{/repo}
          subscriptions_url: https://api.github.com/users/github-actions%5Bbot%5D/subscriptions
          type: Bot
          url: https://api.github.com/users/github-actions%5Bbot%5D
        url: https://api.github.com/repos/helmfile/helmfile/releases/assets/152229272
      assets_url: https://api.github.com/repos/helmfile/helmfile/releases/142491574/assets
      author:
        avatar_url: https://avatars.githubusercontent.com/u/11087727?v=4
        events_url: https://api.github.com/users/yxxhero/events{/privacy}
        followers_url: https://api.github.com/users/yxxhero/followers
        following_url: https://api.github.com/users/yxxhero/following{/other_user}
        gists_url: https://api.github.com/users/yxxhero/gists{/gist_id}
        gravatar_id: ""
        html_url: https://github.com/yxxhero
        id: 11087727
        login: yxxhero
        node_id: MDQ6VXNlcjExMDg3NzI3
        organizations_url: https://api.github.com/users/yxxhero/orgs
        received_events_url: https://api.github.com/users/yxxhero/received_events
        repos_url: https://api.github.com/users/yxxhero/repos
        site_admin: false
        starred_url: https://api.github.com/users/yxxhero/starred{/owner}{/repo}
        subscriptions_url: https://api.github.com/users/yxxhero/subscriptions
        type: User
        url: https://api.github.com/users/yxxhero
      body: "## New feature\r\n* add suppress output line regex support by @yxxhero
        in https://github.com/helmfile/helmfile/pull/1329\r\n   see more: https://github.com/helmfile/helmfile/blob/v0.162.0/test/integration/test-cases/suppress-output-line-regex/input/helmfile.yaml.gotmpl\r\n```\r\nhelmDefaults:\r\n
        \ suppressOutputLineRegex:\r\n    - \"helm.sh/chart\"\r\n    - \"app.kubernetes.io/version\"\r\n\r\nrepositories:\r\n-
        name: ingress-nginx \r\n  url: https://kubernetes.github.io/ingress-nginx\r\n\r\nreleases:\r\n-
        name: ingress-nginx\r\n  namespace: ingress-nginx\r\n  chart: ingress-nginx/ingress-nginx\r\n
        \ version: {{ env \"SUPPRESS_OUTPUT_LINE_REGEX_INGRESS_NGINX_VERSION\" | default
        \"4.8.3\" }} \r\n```\r\n\r\n\r\n## What's Changed\r\n* build(deps): bump github.com/aws/aws-sdk-go
        from 1.50.1 to 1.50.2 by @dependabot in https://github.com/helmfile/helmfile/pull/1309\r\n*
        build(deps): bump github.com/aws/aws-sdk-go from 1.50.2 to 1.50.3 by @dependabot
        in https://github.com/helmfile/helmfile/pull/1312\r\n* feat: document that
        jsonPatches et al can be files by @rsrchboy in https://github.com/helmfile/helmfile/pull/1313\r\n*
        build(deps): bump github.com/goccy/go-yaml from 1.11.2 to 1.11.3 by @dependabot
        in https://github.com/helmfile/helmfile/pull/1314\r\n* build(deps): bump github.com/aws/aws-sdk-go
        from 1.50.3 to 1.50.4 by @dependabot in https://github.com/helmfile/helmfile/pull/1315\r\n*
        feat: Bump helm-diff to 3.9.4 by @yxxhero in https://github.com/helmfile/helmfile/pull/1316\r\n*
        build(deps): bump github.com/aws/aws-sdk-go from 1.50.4 to 1.50.5 by @dependabot
        in https://github.com/helmfile/helmfile/pull/1318\r\n* build(deps): bump github.com/aws/aws-sdk-go
        from 1.50.5 to 1.50.6 by @dependabot in https://github.com/helmfile/helmfile/pull/1319\r\n*
        build(deps): bump github.com/aws/aws-sdk-go from 1.50.6 to 1.50.7 by @dependabot
        in https://github.com/helmfile/helmfile/pull/1321\r\n* build(deps): bump github.com/aws/aws-sdk-go
        from 1.50.7 to 1.50.8 by @dependabot in https://github.com/helmfile/helmfile/pull/1322\r\n*
        build(deps): bump github.com/aws/aws-sdk-go from 1.50.8 to 1.50.9 by @dependabot
        in https://github.com/helmfile/helmfile/pull/1323\r\n* disable version check
        for sops while building container image by @itscaro in https://github.com/helmfile/helmfile/pull/1320\r\n*
        build(deps): bump github.com/helmfile/vals from 0.33.0 to 0.33.1 by @dependabot
        in https://github.com/helmfile/helmfile/pull/1325\r\n* build(deps): bump github.com/aws/aws-sdk-go
        from 1.50.9 to 1.50.10 by @dependabot in https://github.com/helmfile/helmfile/pull/1324\r\n*
        build(deps): bump github.com/aws/aws-sdk-go from 1.50.10 to 1.50.11 by @dependabot
        in https://github.com/helmfile/helmfile/pull/1328\r\n* build(deps): bump github.com/aws/aws-sdk-go
        from 1.50.11 to 1.50.12 by @dependabot in https://github.com/helmfile/helmfile/pull/1330\r\n*
        feat: update to use go 1.22 by @chenrui333 in https://github.com/helmfile/helmfile/pull/1332\r\n*
        build(deps): bump golang.org/x/term from 0.16.0 to 0.17.0 by @dependabot in
        https://github.com/helmfile/helmfile/pull/1334\r\n* build(deps): bump github.com/aws/aws-sdk-go
        from 1.50.12 to 1.50.13 by @dependabot in https://github.com/helmfile/helmfile/pull/1333\r\n*
        build(deps): bump github.com/aws/aws-sdk-go from 1.50.13 to 1.50.14 by @dependabot
        in https://github.com/helmfile/helmfile/pull/1336\r\n* build(deps): bump golangci/golangci-lint-action
        from 3 to 4 by @dependabot in https://github.com/helmfile/helmfile/pull/1338\r\n*
        build(deps): bump github.com/aws/aws-sdk-go from 1.50.14 to 1.50.15 by @dependabot
        in https://github.com/helmfile/helmfile/pull/1337\r\n* build(deps): bump github.com/helmfile/vals
        from 0.33.1 to 0.34.1 by @dependabot in https://github.com/helmfile/helmfile/pull/1339\r\n*
        build(deps): bump github.com/aws/aws-sdk-go from 1.50.15 to 1.50.17 by @dependabot
        in https://github.com/helmfile/helmfile/pull/1342\r\n* build(deps): bump github.com/helmfile/chartify
        from 0.17.0 to 0.18.1 by @dependabot in https://github.com/helmfile/helmfile/pull/1341\r\n*
        fix: use finer-grained locking when listing releases for diff by @steved in
        https://github.com/helmfile/helmfile/pull/1343\r\n* run deps without chart
        preparation by @jouve in https://github.com/helmfile/helmfile/pull/1011\r\n*
        build(deps): bump k8s.io/apimachinery from 0.29.1 to 0.29.2 by @dependabot
        in https://github.com/helmfile/helmfile/pull/1348\r\n* build(deps): bump github.com/aws/aws-sdk-go
        from 1.50.17 to 1.50.18 by @dependabot in https://github.com/helmfile/helmfile/pull/1347\r\n*
        build(deps): bump helm.sh/helm/v3 from 3.14.0 to 3.14.1 by @dependabot in
        https://github.com/helmfile/helmfile/pull/1346\r\n* fix: version path issue
        by @yxxhero in https://github.com/helmfile/helmfile/pull/1344\r\n* Make it
        clear that the plugin install prompt is a question by @wallrj in https://github.com/helmfile/helmfile/pull/1355\r\n*
        Update Helm version to v3.14.1 by @yxxhero in https://github.com/helmfile/helmfile/pull/1352\r\n*
        build(deps): bump github.com/aws/aws-sdk-go from 1.50.18 to 1.50.19 by @dependabot
        in https://github.com/helmfile/helmfile/pull/1357\r\n* feat: add suppress
        output line regex support by @yxxhero in https://github.com/helmfile/helmfile/pull/1329\r\n\r\n##
        New Contributors\r\n* @rsrchboy made their first contribution in https://github.com/helmfile/helmfile/pull/1313\r\n*
        @steved made their first contribution in https://github.com/helmfile/helmfile/pull/1343\r\n*
        @wallrj made their first contribution in https://github.com/helmfile/helmfile/pull/1355\r\n\r\n**Full
        Changelog**: https://github.com/helmfile/helmfile/compare/v0.161.0...v0.162.0"
      created_at: "2024-02-18T04:10:14Z"
      discussion_url: https://github.com/helmfile/helmfile/discussions/1358
      draft: false
      html_url: https://github.com/helmfile/helmfile/releases/tag/v0.162.0
      id: 142491574
      mentions_count: 8
      name: v0.162.0
      node_id: RE_kwDOHEifes4Ifj-2
      prerelease: false
      published_at: "2024-02-18T10:45:58Z"
      tag_name: v0.162.0
      tarball_url: https://api.github.com/repos/helmfile/helmfile/tarball/v0.162.0
      target_commitish: main
      upload_url: https://uploads.github.com/repos/helmfile/helmfile/releases/142491574/assets{?name,label}
      url: https://api.github.com/repos/helmfile/helmfile/releases/142491574
      zipball_url: https://api.github.com/repos/helmfile/helmfile/zipball/v0.162.0
