dependencies:
  awscli:
    version: 2.31.38
    previousVersion: 2.31.37
    versions:
    - 2.31.4
    - 2.31.5
    - 2.31.6
    - 2.31.7
    - 2.31.8
    - 2.31.9
    - 2.31.10
    - 2.31.11
    - 2.31.12
    - 2.31.13
    - 2.31.14
    - 2.31.15
    - 2.31.16
    - 2.31.17
    - 2.31.18
    - 2.31.19
    - 2.31.20
    - 2.31.21
    - 2.31.22
    - 2.31.23
    - 2.31.24
    - 2.31.25
    - 2.31.26
    - 2.31.27
    - 2.31.28
    - 2.31.29
    - 2.31.30
    - 2.31.31
    - 2.31.32
    - 2.31.33
    - 2.31.34
    - 2.31.35
    - 2.31.36
    - 2.31.37
    - 2.31.38
  mysql:
    version: 8.0.44
    previousVersion: 8.0.43
    versions:
    - 8.0.43
    - 8.0.44
