dependencies:
  awscli:
    version: 2.31.17
    previousVersion: 2.31.16
    versions:
    - 2.31.4
    - 2.31.5
    - 2.31.6
    - 2.31.7
    - 2.31.8
    - 2.31.9
    - 2.31.10
    - 2.31.11
    - 2.31.12
    - 2.31.13
    - 2.31.14
    - 2.31.15
    - 2.31.16
    - 2.31.17
  mysql:
    version: 8.0.43
    versions:
    - 8.0.43
