dependencies:
  awscli:
    version: 2.31.23
    previousVersion: 2.31.22
    versions:
    - 2.31.4
    - 2.31.5
    - 2.31.6
    - 2.31.7
    - 2.31.8
    - 2.31.9
    - 2.31.10
    - 2.31.11
    - 2.31.12
    - 2.31.13
    - 2.31.14
    - 2.31.15
    - 2.31.16
    - 2.31.17
    - 2.31.18
    - 2.31.19
    - 2.31.20
    - 2.31.21
    - 2.31.22
    - 2.31.23
  mysql:
    version: 8.0.44
    previousVersion: 8.0.43
    versions:
    - 8.0.43
    - 8.0.44
