dependencies:
  atlantis:
    version: 0.20.0
    previousVersion: 0.19.9
    versions:
    - 0.19.8
    - 0.19.9
    - 0.20.0
    githubRelease:
      assets: []
      assets_url: https://api.github.com/repos/runatlantis/atlantis/releases/79230813/assets
      author:
        avatar_url: https://avatars.githubusercontent.com/u/2208324?v=4
        events_url: https://api.github.com/users/jamengual/events{/privacy}
        followers_url: https://api.github.com/users/jamengual/followers
        following_url: https://api.github.com/users/jamengual/following{/other_user}
        gists_url: https://api.github.com/users/jamengual/gists{/gist_id}
        gravatar_id: ""
        html_url: https://github.com/jamengual
        id: 2208324
        login: jamengual
        node_id: MDQ6VXNlcjIyMDgzMjQ=
        organizations_url: https://api.github.com/users/jamengual/orgs
        received_events_url: https://api.github.com/users/jamengual/received_events
        repos_url: https://api.github.com/users/jamengual/repos
        site_admin: false
        starred_url: https://api.github.com/users/jamengual/starred{/owner}{/repo}
        subscriptions_url: https://api.github.com/users/jamengual/subscriptions
        type: User
        url: https://api.github.com/users/jamengual
      body: "## What's Changed\r\n* Fix concurrency in `atlantis-image` workflow by
        @nitrocode in https://github.com/runatlantis/atlantis/pull/2556\r\n* Bump
        alpine to 3.16.2 by @mliljedahl in https://github.com/runatlantis/atlantis/pull/2559\r\n\r\n\r\n**Full
        Changelog**: https://github.com/runatlantis/atlantis/compare/v0.19.9...v0.20.0"
      created_at: "2022-10-06T21:06:06Z"
      discussion_url: https://github.com/runatlantis/atlantis/discussions/2566
      draft: false
      html_url: https://github.com/runatlantis/atlantis/releases/tag/v0.20.0
      id: 79230813
      mentions_count: 2
      name: v0.20.0
      node_id: RE_kwDOBy76Zc4EuPdd
      prerelease: false
      published_at: "2022-10-07T04:21:03Z"
      tag_name: v0.20.0
      tarball_url: https://api.github.com/repos/runatlantis/atlantis/tarball/v0.20.0
      target_commitish: master
      upload_url: https://uploads.github.com/repos/runatlantis/atlantis/releases/79230813/assets{?name,label}
      url: https://api.github.com/repos/runatlantis/atlantis/releases/79230813
      zipball_url: https://api.github.com/repos/runatlantis/atlantis/zipball/v0.20.0
meta:
  dependencies:
    atlantis:
      0.19.9:
        githubRelease:
          assets:
          - browser_download_url: https://github.com/runatlantis/atlantis/releases/download/v0.19.9/atlantis_darwin_amd64.zip
            content_type: application/zip
            created_at: "2022-10-05T22:12:27Z"
            download_count: 0
            id: 80084856
            label: ""
            name: atlantis_darwin_amd64.zip
            node_id: RA_kwDOBy76Zc4Exf94
            size: 10007017
            state: uploaded
            updated_at: "2022-10-05T22:12:28Z"
            uploader:
              avatar_url: https://avatars.githubusercontent.com/in/15368?v=4
              events_url: https://api.github.com/users/github-actions%5Bbot%5D/events{/privacy}
              followers_url: https://api.github.com/users/github-actions%5Bbot%5D/followers
              following_url: https://api.github.com/users/github-actions%5Bbot%5D/following{/other_user}
              gists_url: https://api.github.com/users/github-actions%5Bbot%5D/gists{/gist_id}
              gravatar_id: ""
              html_url: https://github.com/apps/github-actions
              id: 41898282
              login: github-actions[bot]
              node_id: MDM6Qm90NDE4OTgyODI=
              organizations_url: https://api.github.com/users/github-actions%5Bbot%5D/orgs
              received_events_url: https://api.github.com/users/github-actions%5Bbot%5D/received_events
              repos_url: https://api.github.com/users/github-actions%5Bbot%5D/repos
              site_admin: false
              starred_url: https://api.github.com/users/github-actions%5Bbot%5D/starred{/owner}{/repo}
              subscriptions_url: https://api.github.com/users/github-actions%5Bbot%5D/subscriptions
              type: Bot
              url: https://api.github.com/users/github-actions%5Bbot%5D
            url: https://api.github.com/repos/runatlantis/atlantis/releases/assets/80084856
          - browser_download_url: https://github.com/runatlantis/atlantis/releases/download/v0.19.9/atlantis_darwin_arm64.zip
            content_type: application/zip
            created_at: "2022-10-05T22:12:27Z"
            download_count: 0
            id: 80084857
            label: ""
            name: atlantis_darwin_arm64.zip
            node_id: RA_kwDOBy76Zc4Exf95
            size: 9976292
            state: uploaded
            updated_at: "2022-10-05T22:12:28Z"
            uploader:
              avatar_url: https://avatars.githubusercontent.com/in/15368?v=4
              events_url: https://api.github.com/users/github-actions%5Bbot%5D/events{/privacy}
              followers_url: https://api.github.com/users/github-actions%5Bbot%5D/followers
              following_url: https://api.github.com/users/github-actions%5Bbot%5D/following{/other_user}
              gists_url: https://api.github.com/users/github-actions%5Bbot%5D/gists{/gist_id}
              gravatar_id: ""
              html_url: https://github.com/apps/github-actions
              id: 41898282
              login: github-actions[bot]
              node_id: MDM6Qm90NDE4OTgyODI=
              organizations_url: https://api.github.com/users/github-actions%5Bbot%5D/orgs
              received_events_url: https://api.github.com/users/github-actions%5Bbot%5D/received_events
              repos_url: https://api.github.com/users/github-actions%5Bbot%5D/repos
              site_admin: false
              starred_url: https://api.github.com/users/github-actions%5Bbot%5D/starred{/owner}{/repo}
              subscriptions_url: https://api.github.com/users/github-actions%5Bbot%5D/subscriptions
              type: Bot
              url: https://api.github.com/users/github-actions%5Bbot%5D
            url: https://api.github.com/repos/runatlantis/atlantis/releases/assets/80084857
          - browser_download_url: https://github.com/runatlantis/atlantis/releases/download/v0.19.9/atlantis_linux_386.zip
            content_type: application/zip
            created_at: "2022-10-05T22:12:28Z"
            download_count: 0
            id: 80084860
            label: ""
            name: atlantis_linux_386.zip
            node_id: RA_kwDOBy76Zc4Exf98
            size: 8975108
            state: uploaded
            updated_at: "2022-10-05T22:12:29Z"
            uploader:
              avatar_url: https://avatars.githubusercontent.com/in/15368?v=4
              events_url: https://api.github.com/users/github-actions%5Bbot%5D/events{/privacy}
              followers_url: https://api.github.com/users/github-actions%5Bbot%5D/followers
              following_url: https://api.github.com/users/github-actions%5Bbot%5D/following{/other_user}
              gists_url: https://api.github.com/users/github-actions%5Bbot%5D/gists{/gist_id}
              gravatar_id: ""
              html_url: https://github.com/apps/github-actions
              id: 41898282
              login: github-actions[bot]
              node_id: MDM6Qm90NDE4OTgyODI=
              organizations_url: https://api.github.com/users/github-actions%5Bbot%5D/orgs
              received_events_url: https://api.github.com/users/github-actions%5Bbot%5D/received_events
              repos_url: https://api.github.com/users/github-actions%5Bbot%5D/repos
              site_admin: false
              starred_url: https://api.github.com/users/github-actions%5Bbot%5D/starred{/owner}{/repo}
              subscriptions_url: https://api.github.com/users/github-actions%5Bbot%5D/subscriptions
              type: Bot
              url: https://api.github.com/users/github-actions%5Bbot%5D
            url: https://api.github.com/repos/runatlantis/atlantis/releases/assets/80084860
          - browser_download_url: https://github.com/runatlantis/atlantis/releases/download/v0.19.9/atlantis_linux_amd64.zip
            content_type: application/zip
            created_at: "2022-10-05T22:12:28Z"
            download_count: 0
            id: 80084858
            label: ""
            name: atlantis_linux_amd64.zip
            node_id: RA_kwDOBy76Zc4Exf96
            size: 9581544
            state: uploaded
            updated_at: "2022-10-05T22:12:28Z"
            uploader:
              avatar_url: https://avatars.githubusercontent.com/in/15368?v=4
              events_url: https://api.github.com/users/github-actions%5Bbot%5D/events{/privacy}
              followers_url: https://api.github.com/users/github-actions%5Bbot%5D/followers
              following_url: https://api.github.com/users/github-actions%5Bbot%5D/following{/other_user}
              gists_url: https://api.github.com/users/github-actions%5Bbot%5D/gists{/gist_id}
              gravatar_id: ""
              html_url: https://github.com/apps/github-actions
              id: 41898282
              login: github-actions[bot]
              node_id: MDM6Qm90NDE4OTgyODI=
              organizations_url: https://api.github.com/users/github-actions%5Bbot%5D/orgs
              received_events_url: https://api.github.com/users/github-actions%5Bbot%5D/received_events
              repos_url: https://api.github.com/users/github-actions%5Bbot%5D/repos
              site_admin: false
              starred_url: https://api.github.com/users/github-actions%5Bbot%5D/starred{/owner}{/repo}
              subscriptions_url: https://api.github.com/users/github-actions%5Bbot%5D/subscriptions
              type: Bot
              url: https://api.github.com/users/github-actions%5Bbot%5D
            url: https://api.github.com/repos/runatlantis/atlantis/releases/assets/80084858
          - browser_download_url: https://github.com/runatlantis/atlantis/releases/download/v0.19.9/atlantis_linux_arm.zip
            content_type: application/zip
            created_at: "2022-10-05T22:12:26Z"
            download_count: 0
            id: 80084853
            label: ""
            name: atlantis_linux_arm.zip
            node_id: RA_kwDOBy76Zc4Exf91
            size: 8993646
            state: uploaded
            updated_at: "2022-10-05T22:12:26Z"
            uploader:
              avatar_url: https://avatars.githubusercontent.com/in/15368?v=4
              events_url: https://api.github.com/users/github-actions%5Bbot%5D/events{/privacy}
              followers_url: https://api.github.com/users/github-actions%5Bbot%5D/followers
              following_url: https://api.github.com/users/github-actions%5Bbot%5D/following{/other_user}
              gists_url: https://api.github.com/users/github-actions%5Bbot%5D/gists{/gist_id}
              gravatar_id: ""
              html_url: https://github.com/apps/github-actions
              id: 41898282
              login: github-actions[bot]
              node_id: MDM6Qm90NDE4OTgyODI=
              organizations_url: https://api.github.com/users/github-actions%5Bbot%5D/orgs
              received_events_url: https://api.github.com/users/github-actions%5Bbot%5D/received_events
              repos_url: https://api.github.com/users/github-actions%5Bbot%5D/repos
              site_admin: false
              starred_url: https://api.github.com/users/github-actions%5Bbot%5D/starred{/owner}{/repo}
              subscriptions_url: https://api.github.com/users/github-actions%5Bbot%5D/subscriptions
              type: Bot
              url: https://api.github.com/users/github-actions%5Bbot%5D
            url: https://api.github.com/repos/runatlantis/atlantis/releases/assets/80084853
          - browser_download_url: https://github.com/runatlantis/atlantis/releases/download/v0.19.9/atlantis_linux_arm64.zip
            content_type: application/zip
            created_at: "2022-10-05T22:12:29Z"
            download_count: 0
            id: 80084861
            label: ""
            name: atlantis_linux_arm64.zip
            node_id: RA_kwDOBy76Zc4Exf99
            size: 8831526
            state: uploaded
            updated_at: "2022-10-05T22:12:29Z"
            uploader:
              avatar_url: https://avatars.githubusercontent.com/in/15368?v=4
              events_url: https://api.github.com/users/github-actions%5Bbot%5D/events{/privacy}
              followers_url: https://api.github.com/users/github-actions%5Bbot%5D/followers
              following_url: https://api.github.com/users/github-actions%5Bbot%5D/following{/other_user}
              gists_url: https://api.github.com/users/github-actions%5Bbot%5D/gists{/gist_id}
              gravatar_id: ""
              html_url: https://github.com/apps/github-actions
              id: 41898282
              login: github-actions[bot]
              node_id: MDM6Qm90NDE4OTgyODI=
              organizations_url: https://api.github.com/users/github-actions%5Bbot%5D/orgs
              received_events_url: https://api.github.com/users/github-actions%5Bbot%5D/received_events
              repos_url: https://api.github.com/users/github-actions%5Bbot%5D/repos
              site_admin: false
              starred_url: https://api.github.com/users/github-actions%5Bbot%5D/starred{/owner}{/repo}
              subscriptions_url: https://api.github.com/users/github-actions%5Bbot%5D/subscriptions
              type: Bot
              url: https://api.github.com/users/github-actions%5Bbot%5D
            url: https://api.github.com/repos/runatlantis/atlantis/releases/assets/80084861
          - browser_download_url: https://github.com/runatlantis/atlantis/releases/download/v0.19.9/atlantis_windows_386.zip
            content_type: application/zip
            created_at: "2022-10-05T22:12:26Z"
            download_count: 0
            id: 80084854
            label: ""
            name: atlantis_windows_386.zip
            node_id: RA_kwDOBy76Zc4Exf92
            size: 9402996
            state: uploaded
            updated_at: "2022-10-05T22:12:27Z"
            uploader:
              avatar_url: https://avatars.githubusercontent.com/in/15368?v=4
              events_url: https://api.github.com/users/github-actions%5Bbot%5D/events{/privacy}
              followers_url: https://api.github.com/users/github-actions%5Bbot%5D/followers
              following_url: https://api.github.com/users/github-actions%5Bbot%5D/following{/other_user}
              gists_url: https://api.github.com/users/github-actions%5Bbot%5D/gists{/gist_id}
              gravatar_id: ""
              html_url: https://github.com/apps/github-actions
              id: 41898282
              login: github-actions[bot]
              node_id: MDM6Qm90NDE4OTgyODI=
              organizations_url: https://api.github.com/users/github-actions%5Bbot%5D/orgs
              received_events_url: https://api.github.com/users/github-actions%5Bbot%5D/received_events
              repos_url: https://api.github.com/users/github-actions%5Bbot%5D/repos
              site_admin: false
              starred_url: https://api.github.com/users/github-actions%5Bbot%5D/starred{/owner}{/repo}
              subscriptions_url: https://api.github.com/users/github-actions%5Bbot%5D/subscriptions
              type: Bot
              url: https://api.github.com/users/github-actions%5Bbot%5D
            url: https://api.github.com/repos/runatlantis/atlantis/releases/assets/80084854
          - browser_download_url: https://github.com/runatlantis/atlantis/releases/download/v0.19.9/atlantis_windows_amd64.zip
            content_type: application/zip
            created_at: "2022-10-05T22:12:27Z"
            download_count: 0
            id: 80084855
            label: ""
            name: atlantis_windows_amd64.zip
            node_id: RA_kwDOBy76Zc4Exf93
            size: 9728104
            state: uploaded
            updated_at: "2022-10-05T22:12:27Z"
            uploader:
              avatar_url: https://avatars.githubusercontent.com/in/15368?v=4
              events_url: https://api.github.com/users/github-actions%5Bbot%5D/events{/privacy}
              followers_url: https://api.github.com/users/github-actions%5Bbot%5D/followers
              following_url: https://api.github.com/users/github-actions%5Bbot%5D/following{/other_user}
              gists_url: https://api.github.com/users/github-actions%5Bbot%5D/gists{/gist_id}
              gravatar_id: ""
              html_url: https://github.com/apps/github-actions
              id: 41898282
              login: github-actions[bot]
              node_id: MDM6Qm90NDE4OTgyODI=
              organizations_url: https://api.github.com/users/github-actions%5Bbot%5D/orgs
              received_events_url: https://api.github.com/users/github-actions%5Bbot%5D/received_events
              repos_url: https://api.github.com/users/github-actions%5Bbot%5D/repos
              site_admin: false
              starred_url: https://api.github.com/users/github-actions%5Bbot%5D/starred{/owner}{/repo}
              subscriptions_url: https://api.github.com/users/github-actions%5Bbot%5D/subscriptions
              type: Bot
              url: https://api.github.com/users/github-actions%5Bbot%5D
            url: https://api.github.com/repos/runatlantis/atlantis/releases/assets/80084855
          - browser_download_url: https://github.com/runatlantis/atlantis/releases/download/v0.19.9/checksums.txt
            content_type: text/plain; charset=utf-8
            created_at: "2022-10-05T22:12:26Z"
            download_count: 0
            id: 80084852
            label: ""
            name: checksums.txt
            node_id: RA_kwDOBy76Zc4Exf90
            size: 728
            state: uploaded
            updated_at: "2022-10-05T22:12:26Z"
            uploader:
              avatar_url: https://avatars.githubusercontent.com/in/15368?v=4
              events_url: https://api.github.com/users/github-actions%5Bbot%5D/events{/privacy}
              followers_url: https://api.github.com/users/github-actions%5Bbot%5D/followers
              following_url: https://api.github.com/users/github-actions%5Bbot%5D/following{/other_user}
              gists_url: https://api.github.com/users/github-actions%5Bbot%5D/gists{/gist_id}
              gravatar_id: ""
              html_url: https://github.com/apps/github-actions
              id: 41898282
              login: github-actions[bot]
              node_id: MDM6Qm90NDE4OTgyODI=
              organizations_url: https://api.github.com/users/github-actions%5Bbot%5D/orgs
              received_events_url: https://api.github.com/users/github-actions%5Bbot%5D/received_events
              repos_url: https://api.github.com/users/github-actions%5Bbot%5D/repos
              site_admin: false
              starred_url: https://api.github.com/users/github-actions%5Bbot%5D/starred{/owner}{/repo}
              subscriptions_url: https://api.github.com/users/github-actions%5Bbot%5D/subscriptions
              type: Bot
              url: https://api.github.com/users/github-actions%5Bbot%5D
            url: https://api.github.com/repos/runatlantis/atlantis/releases/assets/80084852
          assets_url: https://api.github.com/repos/runatlantis/atlantis/releases/79106048/assets
          author:
            avatar_url: https://avatars.githubusercontent.com/u/2208324?v=4
            events_url: https://api.github.com/users/jamengual/events{/privacy}
            followers_url: https://api.github.com/users/jamengual/followers
            following_url: https://api.github.com/users/jamengual/following{/other_user}
            gists_url: https://api.github.com/users/jamengual/gists{/gist_id}
            gravatar_id: ""
            html_url: https://github.com/jamengual
            id: 2208324
            login: jamengual
            node_id: MDQ6VXNlcjIyMDgzMjQ=
            organizations_url: https://api.github.com/users/jamengual/orgs
            received_events_url: https://api.github.com/users/jamengual/received_events
            repos_url: https://api.github.com/users/jamengual/repos
            site_admin: false
            starred_url: https://api.github.com/users/jamengual/starred{/owner}{/repo}
            subscriptions_url: https://api.github.com/users/jamengual/subscriptions
            type: User
            url: https://api.github.com/users/jamengual
          body: "## What's Changed\r\n* build(deps): bump go.uber.org/zap from 1.21.0
            to 1.22.0 by @dependabot in https://github.com/runatlantis/atlantis/pull/2448\r\n*
            Make required atlantis/apply status check work with mergeable by @rayterrill
            in https://github.com/runatlantis/atlantis/pull/2436\r\n* build(deps):
            bump golang from 1.17-alpine to 1.19.0-alpine by @dependabot in https://github.com/runatlantis/atlantis/pull/2433\r\n*
            Allow manual PR number by @cep21 in https://github.com/runatlantis/atlantis/pull/2465\r\n*
            ignore GitLab Draft MRs by @becjon in https://github.com/runatlantis/atlantis/pull/2468\r\n*
            enable hostname (not only IP Address) on Metrics statsd host key by @kangaechu
            in https://github.com/runatlantis/atlantis/pull/2429\r\n* Omit type declaration
            of vars by @estensen in https://github.com/runatlantis/atlantis/pull/2476\r\n*
            build(deps): bump go.uber.org/zap from 1.22.0 to 1.23.0 by @dependabot
            in https://github.com/runatlantis/atlantis/pull/2478\r\n* build(deps):
            bump github.com/microcosm-cc/bluemonday from 1.0.19 to 1.0.20 by @dependabot
            in https://github.com/runatlantis/atlantis/pull/2487\r\n* build(deps):
            bump github.com/urfave/cli from 1.22.9 to 1.22.10 by @dependabot in https://github.com/runatlantis/atlantis/pull/2488\r\n*
            deps: bump tf to 1.2.9 by @chenrui333 in https://github.com/runatlantis/atlantis/pull/2499\r\n*
            Use proper http client for github v4 api by @ysoldak in https://github.com/runatlantis/atlantis/pull/2479\r\n*
            deps: bump conftest to 0.34.0 by @chenrui333 in https://github.com/runatlantis/atlantis/pull/2500\r\n*
            External Locking DB: Redis by @SudoSpartanDan in https://github.com/runatlantis/atlantis/pull/2491\r\n*
            workflows: update runner to use ubuntu-22.04 by @chenrui333 in https://github.com/runatlantis/atlantis/pull/2502\r\n*
            fix: allow requests to /api/* without authentication by @vincentgna in
            https://github.com/runatlantis/atlantis/pull/2455\r\n* bug: Fix GitHub
            Markdown for added and deleted resources by @pauloconnor in https://github.com/runatlantis/atlantis/pull/2418\r\n*
            Use single github v4 client by @ysoldak in https://github.com/runatlantis/atlantis/pull/2480\r\n*
            feat: support parallel execution with order groups by @tufitko in https://github.com/runatlantis/atlantis/pull/2403\r\n*
            lint: remove deprecated io/util package by @chenrui333 in https://github.com/runatlantis/atlantis/pull/2503\r\n*
            Fixes for multienv step comment by @hatmarch in https://github.com/runatlantis/atlantis/pull/2411\r\n*
            fix: Set mergeable correctly when branch protection doesn't require reviewers
            by @stasostrovskyi in https://github.com/runatlantis/atlantis/pull/2470\r\n*
            Adding Redis TLS Option by @SudoSpartanDan in https://github.com/runatlantis/atlantis/pull/2510\r\n*
            build(deps): bump github.com/spf13/viper from 1.12.0 to 1.13.0 by @dependabot
            in https://github.com/runatlantis/atlantis/pull/2517\r\n* build(deps):
            bump runatlantis/atlantis-base from 2022.08.05 to 2022.09.08 by @dependabot
            in https://github.com/runatlantis/atlantis/pull/2515\r\n* build(deps):
            bump github.com/moby/moby from 20.10.17+incompatible to 20.10.18+incompatible
            by @dependabot in https://github.com/runatlantis/atlantis/pull/2516\r\n*
            lint:  recursive gofmt by @chenrui333 in https://github.com/runatlantis/atlantis/pull/2504\r\n*
            build(deps): bump golang from 1.19.0-alpine to 1.19.1-alpine by @dependabot
            in https://github.com/runatlantis/atlantis/pull/2514\r\n* chore: Use hadolint
            to fix DL4006, SC2086 by @nitrocode in https://github.com/runatlantis/atlantis/pull/2530\r\n*
            Adding Redis DB option by @Omicron7 in https://github.com/runatlantis/atlantis/pull/2527\r\n*
            Fix: Error when enabling prometheus metrics by @albertollamaso in https://github.com/runatlantis/atlantis/pull/2528\r\n*
            deps: bump tf to 1.3.0 by @andy-paine-numan in https://github.com/runatlantis/atlantis/pull/2533\r\n*
            Delete previous plans on autoplan or atlantis plan by @giuli007 in https://github.com/runatlantis/atlantis/pull/1633\r\n*
            docs: execution_order_group belongs to Project by @taiki45 in https://github.com/runatlantis/atlantis/pull/2539\r\n*
            build(deps): bump actions/stale from 5 to 6 by @dependabot in https://github.com/runatlantis/atlantis/pull/2540\r\n*
            deps: upgrade terraform to v1.3.1 by @chenrui333 in https://github.com/runatlantis/atlantis/pull/2543\r\n*
            Getting working workspace from Terraform Cloud configuration by @cucxabong
            in https://github.com/runatlantis/atlantis/pull/2432\r\n* Release v0.19.9
            by @jamengual in https://github.com/runatlantis/atlantis/pull/2552\r\n\r\n##
            New Contributors\r\n* @rayterrill made their first contribution in https://github.com/runatlantis/atlantis/pull/2436\r\n*
            @cep21 made their first contribution in https://github.com/runatlantis/atlantis/pull/2465\r\n*
            @becjon made their first contribution in https://github.com/runatlantis/atlantis/pull/2468\r\n*
            @estensen made their first contribution in https://github.com/runatlantis/atlantis/pull/2476\r\n*
            @SudoSpartanDan made their first contribution in https://github.com/runatlantis/atlantis/pull/2491\r\n*
            @vincentgna made their first contribution in https://github.com/runatlantis/atlantis/pull/2455\r\n*
            @hatmarch made their first contribution in https://github.com/runatlantis/atlantis/pull/2411\r\n*
            @stasostrovskyi made their first contribution in https://github.com/runatlantis/atlantis/pull/2470\r\n*
            @albertollamaso made their first contribution in https://github.com/runatlantis/atlantis/pull/2528\r\n*
            @andy-paine-numan made their first contribution in https://github.com/runatlantis/atlantis/pull/2533\r\n*
            @taiki45 made their first contribution in https://github.com/runatlantis/atlantis/pull/2539\r\n\r\n**Full
            Changelog**: https://github.com/runatlantis/atlantis/compare/v0.19.8...v0.19.9"
          created_at: "2022-10-05T22:04:49Z"
          discussion_url: https://github.com/runatlantis/atlantis/discussions/2555
          draft: false
          html_url: https://github.com/runatlantis/atlantis/releases/tag/v0.19.9
          id: 79106048
          mentions_count: 22
          name: v0.19.9
          node_id: RE_kwDOBy76Zc4EtxAA
          prerelease: false
          published_at: "2022-10-05T22:05:33Z"
          tag_name: v0.19.9
          tarball_url: https://api.github.com/repos/runatlantis/atlantis/tarball/v0.19.9
          target_commitish: master
          upload_url: https://uploads.github.com/repos/runatlantis/atlantis/releases/79106048/assets{?name,label}
          url: https://api.github.com/repos/runatlantis/atlantis/releases/79106048
          zipball_url: https://api.github.com/repos/runatlantis/atlantis/zipball/v0.19.9
      0.20.0:
        githubRelease:
          assets: []
          assets_url: https://api.github.com/repos/runatlantis/atlantis/releases/79230813/assets
          author:
            avatar_url: https://avatars.githubusercontent.com/u/2208324?v=4
            events_url: https://api.github.com/users/jamengual/events{/privacy}
            followers_url: https://api.github.com/users/jamengual/followers
            following_url: https://api.github.com/users/jamengual/following{/other_user}
            gists_url: https://api.github.com/users/jamengual/gists{/gist_id}
            gravatar_id: ""
            html_url: https://github.com/jamengual
            id: 2208324
            login: jamengual
            node_id: MDQ6VXNlcjIyMDgzMjQ=
            organizations_url: https://api.github.com/users/jamengual/orgs
            received_events_url: https://api.github.com/users/jamengual/received_events
            repos_url: https://api.github.com/users/jamengual/repos
            site_admin: false
            starred_url: https://api.github.com/users/jamengual/starred{/owner}{/repo}
            subscriptions_url: https://api.github.com/users/jamengual/subscriptions
            type: User
            url: https://api.github.com/users/jamengual
          body: "## What's Changed\r\n* Fix concurrency in `atlantis-image` workflow
            by @nitrocode in https://github.com/runatlantis/atlantis/pull/2556\r\n*
            Bump alpine to 3.16.2 by @mliljedahl in https://github.com/runatlantis/atlantis/pull/2559\r\n\r\n\r\n**Full
            Changelog**: https://github.com/runatlantis/atlantis/compare/v0.19.9...v0.20.0"
          created_at: "2022-10-06T21:06:06Z"
          discussion_url: https://github.com/runatlantis/atlantis/discussions/2566
          draft: false
          html_url: https://github.com/runatlantis/atlantis/releases/tag/v0.20.0
          id: 79230813
          mentions_count: 2
          name: v0.20.0
          node_id: RE_kwDOBy76Zc4EuPdd
          prerelease: false
          published_at: "2022-10-07T04:21:03Z"
          tag_name: v0.20.0
          tarball_url: https://api.github.com/repos/runatlantis/atlantis/tarball/v0.20.0
          target_commitish: master
          upload_url: https://uploads.github.com/repos/runatlantis/atlantis/releases/79230813/assets{?name,label}
          url: https://api.github.com/repos/runatlantis/atlantis/releases/79230813
          zipball_url: https://api.github.com/repos/runatlantis/atlantis/zipball/v0.20.0
