dependencies:
  newrelicphpagent:
    version: 11.10.0.24
    previousVersion: 11.9.0.23
    versions:
    - 10.0.0.312
    - 10.1.0.313
    - 10.2.0.314
    - 10.3.0.315
    - 10.4.0.316
    - 10.5.0.317
    - 10.6.0.318
    - 10.7.0.319
    - 10.8.0.323
    - 10.9.0.324
    - 10.10.0.1
    - 10.11.0.3
    - 10.12.0.1
    - 10.13.0.2
    - 10.14.0.3
    - 10.15.0.4
    - 10.16.0.5
    - 10.17.0.7
    - 10.18.0.8
    - 10.19.0.9
    - 10.20.0.10
    - 10.21.0.11
    - 10.22.0.12
    - 11.0.0.13
    - 11.1.0.14
    - 11.2.0.15
    - 11.3.0.16
    - 11.4.0.17
    - 11.5.0.18
    - 11.6.0.19
    - 11.7.0.21
    - 11.8.0.22
    - 11.9.0.23
    - 11.10.0.24
