dependencies:
  variant:
    version: 0.37.0
    previousVersion: 0.38.0
    versions:
    - 0.38.0
    githubRelease:
      assets:
      - browser_download_url: https://github.com/mumoshu/variant/releases/download/v0.37.0/variant_0.37.0_checksums.txt
        content_type: text/plain; charset=utf-8
        created_at: "2020-12-21T23:46:08Z"
        download_count: 6
        id: 29854809
        label: ""
        name: variant_0.37.0_checksums.txt
        node_id: MDEyOlJlbGVhc2VBc3NldDI5ODU0ODA5
        size: 299
        state: uploaded
        updated_at: "2020-12-21T23:46:09Z"
        uploader:
          avatar_url: https://avatars.githubusercontent.com/u/22009?v=4
          events_url: https://api.github.com/users/mumoshu/events{/privacy}
          followers_url: https://api.github.com/users/mumoshu/followers
          following_url: https://api.github.com/users/mumoshu/following{/other_user}
          gists_url: https://api.github.com/users/mumoshu/gists{/gist_id}
          gravatar_id: ""
          html_url: https://github.com/mumoshu
          id: 22009
          login: mumoshu
          node_id: MDQ6VXNlcjIyMDA5
          organizations_url: https://api.github.com/users/mumoshu/orgs
          received_events_url: https://api.github.com/users/mumoshu/received_events
          repos_url: https://api.github.com/users/mumoshu/repos
          site_admin: false
          starred_url: https://api.github.com/users/mumoshu/starred{/owner}{/repo}
          subscriptions_url: https://api.github.com/users/mumoshu/subscriptions
          type: User
          url: https://api.github.com/users/mumoshu
        url: https://api.github.com/repos/mumoshu/variant/releases/assets/29854809
      - browser_download_url: https://github.com/mumoshu/variant/releases/download/v0.37.0/variant_0.37.0_darwin_amd64.tar.gz
        content_type: application/gzip
        created_at: "2020-12-21T23:46:08Z"
        download_count: 277
        id: 29854810
        label: ""
        name: variant_0.37.0_darwin_amd64.tar.gz
        node_id: MDEyOlJlbGVhc2VBc3NldDI5ODU0ODEw
        size: 6098733
        state: uploaded
        updated_at: "2020-12-21T23:46:08Z"
        uploader:
          avatar_url: https://avatars.githubusercontent.com/u/22009?v=4
          events_url: https://api.github.com/users/mumoshu/events{/privacy}
          followers_url: https://api.github.com/users/mumoshu/followers
          following_url: https://api.github.com/users/mumoshu/following{/other_user}
          gists_url: https://api.github.com/users/mumoshu/gists{/gist_id}
          gravatar_id: ""
          html_url: https://github.com/mumoshu
          id: 22009
          login: mumoshu
          node_id: MDQ6VXNlcjIyMDA5
          organizations_url: https://api.github.com/users/mumoshu/orgs
          received_events_url: https://api.github.com/users/mumoshu/received_events
          repos_url: https://api.github.com/users/mumoshu/repos
          site_admin: false
          starred_url: https://api.github.com/users/mumoshu/starred{/owner}{/repo}
          subscriptions_url: https://api.github.com/users/mumoshu/subscriptions
          type: User
          url: https://api.github.com/users/mumoshu
        url: https://api.github.com/repos/mumoshu/variant/releases/assets/29854810
      - browser_download_url: https://github.com/mumoshu/variant/releases/download/v0.37.0/variant_0.37.0_linux_386.tar.gz
        content_type: application/gzip
        created_at: "2020-12-21T23:46:08Z"
        download_count: 2
        id: 29854811
        label: ""
        name: variant_0.37.0_linux_386.tar.gz
        node_id: MDEyOlJlbGVhc2VBc3NldDI5ODU0ODEx
        size: 5503428
        state: uploaded
        updated_at: "2020-12-21T23:46:09Z"
        uploader:
          avatar_url: https://avatars.githubusercontent.com/u/22009?v=4
          events_url: https://api.github.com/users/mumoshu/events{/privacy}
          followers_url: https://api.github.com/users/mumoshu/followers
          following_url: https://api.github.com/users/mumoshu/following{/other_user}
          gists_url: https://api.github.com/users/mumoshu/gists{/gist_id}
          gravatar_id: ""
          html_url: https://github.com/mumoshu
          id: 22009
          login: mumoshu
          node_id: MDQ6VXNlcjIyMDA5
          organizations_url: https://api.github.com/users/mumoshu/orgs
          received_events_url: https://api.github.com/users/mumoshu/received_events
          repos_url: https://api.github.com/users/mumoshu/repos
          site_admin: false
          starred_url: https://api.github.com/users/mumoshu/starred{/owner}{/repo}
          subscriptions_url: https://api.github.com/users/mumoshu/subscriptions
          type: User
          url: https://api.github.com/users/mumoshu
        url: https://api.github.com/repos/mumoshu/variant/releases/assets/29854811
      - browser_download_url: https://github.com/mumoshu/variant/releases/download/v0.37.0/variant_0.37.0_linux_amd64.tar.gz
        content_type: application/gzip
        created_at: "2020-12-21T23:46:08Z"
        download_count: 2858
        id: 29854808
        label: ""
        name: variant_0.37.0_linux_amd64.tar.gz
        node_id: MDEyOlJlbGVhc2VBc3NldDI5ODU0ODA4
        size: 5824581
        state: uploaded
        updated_at: "2020-12-21T23:46:08Z"
        uploader:
          avatar_url: https://avatars.githubusercontent.com/u/22009?v=4
          events_url: https://api.github.com/users/mumoshu/events{/privacy}
          followers_url: https://api.github.com/users/mumoshu/followers
          following_url: https://api.github.com/users/mumoshu/following{/other_user}
          gists_url: https://api.github.com/users/mumoshu/gists{/gist_id}
          gravatar_id: ""
          html_url: https://github.com/mumoshu
          id: 22009
          login: mumoshu
          node_id: MDQ6VXNlcjIyMDA5
          organizations_url: https://api.github.com/users/mumoshu/orgs
          received_events_url: https://api.github.com/users/mumoshu/received_events
          repos_url: https://api.github.com/users/mumoshu/repos
          site_admin: false
          starred_url: https://api.github.com/users/mumoshu/starred{/owner}{/repo}
          subscriptions_url: https://api.github.com/users/mumoshu/subscriptions
          type: User
          url: https://api.github.com/users/mumoshu
        url: https://api.github.com/repos/mumoshu/variant/releases/assets/29854808
      assets_url: https://api.github.com/repos/mumoshu/variant/releases/35592497/assets
      author:
        avatar_url: https://avatars.githubusercontent.com/u/22009?v=4
        events_url: https://api.github.com/users/mumoshu/events{/privacy}
        followers_url: https://api.github.com/users/mumoshu/followers
        following_url: https://api.github.com/users/mumoshu/following{/other_user}
        gists_url: https://api.github.com/users/mumoshu/gists{/gist_id}
        gravatar_id: ""
        html_url: https://github.com/mumoshu
        id: 22009
        login: mumoshu
        node_id: MDQ6VXNlcjIyMDA5
        organizations_url: https://api.github.com/users/mumoshu/orgs
        received_events_url: https://api.github.com/users/mumoshu/received_events
        repos_url: https://api.github.com/users/mumoshu/repos
        site_admin: false
        starred_url: https://api.github.com/users/mumoshu/starred{/owner}{/repo}
        subscriptions_url: https://api.github.com/users/mumoshu/subscriptions
        type: User
        url: https://api.github.com/users/mumoshu
      body: |+
        ## Changelog

        2bf0c71 Change warn color from red to yellow (#130)

      created_at: "2020-12-21T23:43:39Z"
      draft: false
      html_url: https://github.com/mumoshu/variant/releases/tag/v0.37.0
      id: 35592497
      name: v0.37.0
      node_id: MDc6UmVsZWFzZTM1NTkyNDk3
      prerelease: false
      published_at: "2020-12-21T23:46:08Z"
      tag_name: v0.37.0
      tarball_url: https://api.github.com/repos/mumoshu/variant/tarball/v0.37.0
      target_commitish: master
      upload_url: https://uploads.github.com/repos/mumoshu/variant/releases/35592497/assets{?name,label}
      url: https://api.github.com/repos/mumoshu/variant/releases/35592497
      zipball_url: https://api.github.com/repos/mumoshu/variant/zipball/v0.37.0
